{
    "_meta": {
        "hash": {
            "sha256": "83ad6322bde12061ab3727c720cdcc3ab3fff66abc013ea4655626c6864a787f"
        },
        "pipfile-spec": 6,
        "requires": {
            "python_version": "3.8"
        },
        "sources": [
            {
                "name": "pypi",
                "url": "https://pypi.org/simple",
                "verify_ssl": true
            }
        ]
    },
    "default": {
        "certifi": {
            "hashes": [
                "sha256:36973885b9542e6bd01dea287b2b4b3b21236307c56324fcc3f1160f2d655ed5",
                "sha256:e232343de1ab72c2aa521b625c80f699e356830fd0e2c620b465b304b17b0516"
            ],
            "markers": "python_version >= '3.6'",
            "version": "==2022.9.14"
        },
        "charset-normalizer": {
            "hashes": [
                "sha256:5a3d016c7c547f69d6f81fb0db9449ce888b418b5b9952cc5e6e66843e9dd845",
                "sha256:83e9a75d1911279afd89352c68b45348559d1fc0506b054b346651b5e7fee29f"
            ],
            "markers": "python_version >= '3.6'",
            "version": "==2.1.1"
        },
        "click": {
            "hashes": [
                "sha256:7682dc8afb30297001674575ea00d1814d808d6a36af415a82bd481d37ba7b8e",
                "sha256:bb4d8133cb15a609f44e8213d9b391b0809795062913b383c62be0ee95b1db48"
            ],
            "markers": "python_version >= '3.7'",
            "version": "==8.1.3"
        },
        "coverage": {
            "hashes": [
                "sha256:00f1d23f4336efc3b311ed0d807feb45098fc86dee1ca13b3d6768cdab187c8a",
                "sha256:01333e1bd22c59713ba8a79f088b3955946e293114479bbfc2e37d522be03355",
                "sha256:0cb4be7e784dcdc050fc58ef05b71aa8e89b7e6636b99967fadbdba694cf2b65",
                "sha256:0e61d9803d5851849c24f78227939c701ced6704f337cad0a91e0972c51c1ee7",
                "sha256:1601e480b9b99697a570cea7ef749e88123c04b92d84cedaa01e117436b4a0a9",
                "sha256:2742c7515b9eb368718cd091bad1a1b44135cc72468c731302b3d641895b83d1",
                "sha256:2d27a3f742c98e5c6b461ee6ef7287400a1956c11421eb574d843d9ec1f772f0",
                "sha256:402e1744733df483b93abbf209283898e9f0d67470707e3c7516d84f48524f55",
                "sha256:5c542d1e62eece33c306d66fe0a5c4f7f7b3c08fecc46ead86d7916684b36d6c",
                "sha256:5f2294dbf7875b991c381e3d5af2bcc3494d836affa52b809c91697449d0eda6",
                "sha256:6402bd2fdedabbdb63a316308142597534ea8e1895f4e7d8bf7476c5e8751fef",
                "sha256:66460ab1599d3cf894bb6baee8c684788819b71a5dc1e8fa2ecc152e5d752019",
                "sha256:782caea581a6e9ff75eccda79287daefd1d2631cc09d642b6ee2d6da21fc0a4e",
                "sha256:79a3cfd6346ce6c13145731d39db47b7a7b859c0272f02cdb89a3bdcbae233a0",
                "sha256:7a5bdad4edec57b5fb8dae7d3ee58622d626fd3a0be0dfceda162a7035885ecf",
                "sha256:8fa0cbc7ecad630e5b0f4f35b0f6ad419246b02bc750de7ac66db92667996d24",
                "sha256:a027ef0492ede1e03a8054e3c37b8def89a1e3c471482e9f046906ba4f2aafd2",
                "sha256:a3f3654d5734a3ece152636aad89f58afc9213c6520062db3978239db122f03c",
                "sha256:a82b92b04a23d3c8a581fc049228bafde988abacba397d57ce95fe95e0338ab4",
                "sha256:acf3763ed01af8410fc36afea23707d4ea58ba7e86a8ee915dfb9ceff9ef69d0",
                "sha256:adeb4c5b608574a3d647011af36f7586811a2c1197c861aedb548dd2453b41cd",
                "sha256:b83835506dfc185a319031cf853fa4bb1b3974b1f913f5bb1a0f3d98bdcded04",
                "sha256:bb28a7245de68bf29f6fb199545d072d1036a1917dca17a1e75bbb919e14ee8e",
                "sha256:bf9cb9a9fd8891e7efd2d44deb24b86d647394b9705b744ff6f8261e6f29a730",
                "sha256:c317eaf5ff46a34305b202e73404f55f7389ef834b8dbf4da09b9b9b37f76dd2",
                "sha256:dbe8c6ae7534b5b024296464f387d57c13caa942f6d8e6e0346f27e509f0f768",
                "sha256:de807ae933cfb7f0c7d9d981a053772452217df2bf38e7e6267c9cbf9545a796",
                "sha256:dead2ddede4c7ba6cb3a721870f5141c97dc7d85a079edb4bd8d88c3ad5b20c7",
                "sha256:dec5202bfe6f672d4511086e125db035a52b00f1648d6407cc8e526912c0353a",
                "sha256:e1ea316102ea1e1770724db01998d1603ed921c54a86a2efcb03428d5417e489",
                "sha256:f90bfc4ad18450c80b024036eaf91e4a246ae287701aaa88eaebebf150868052"
            ],
            "index": "pypi",
            "version": "==5.1"
        },
        "cycler": {
            "hashes": [
                "sha256:3a27e95f763a428a739d2add979fa7494c912a32c17c4c38c4d5f082cad165a3",
                "sha256:9c87405839a19696e837b3b818fed3f5f69f16f1eec1a1ad77e043dcea9c772f"
            ],
            "markers": "python_version >= '3.6'",
            "version": "==0.11.0"
        },
        "decorator": {
            "hashes": [
                "sha256:41fa54c2a0cc4ba648be4fd43cff00aedf5b9465c9bf18d64325bc225f08f760",
                "sha256:e3a62f0520172440ca0dcc823749319382e377f37f140a0b99ef45fecb84bfe7"
            ],
            "version": "==4.4.2"
        },
        "dimod": {
            "hashes": [
                "sha256:05b282c9d10d3204331068eea227160b1f0df7a290d790c5a446262d68b03e82",
                "sha256:152485c4e671cdc1878791b28171f3bfe74841114f88fba1d01c1c842f1739c7",
                "sha256:282e797b81acb77ec67c6af403ff0de4a6a9de2b14dbe5827ade809c7254ef4a",
                "sha256:3b519883c7543e0baab7641a7d019c4ee019d41b16645478260ee0210f943665",
                "sha256:5bd16c1767c7179f1ed435d290312d4d43f3f9524947b31dda9d8808cc4d1615",
                "sha256:7114c78bc180a3bd27c0dcdadae37e4c15d203cd13818b1e3924385061d64c0e",
                "sha256:7917a49124fb67a06858d8d7c01574348bc80e0721e4894761ae9dc708f07d05",
                "sha256:82d558e1926c8d6718dd1e8eaedb4671f30a8188d7451df49d31e642006de8d8",
                "sha256:8b3b3dcf0268062df1613926105a14eb534d4e5ec6620aff6e9fc86825e6671d",
                "sha256:9233606f72f2d464dd48cd87906002faa1b8778045bbe20530c0429d9b325209",
                "sha256:a4079387720642fbe116ecf54eb26be5d07d0dee33d0afecfd63bbebcffe32f0",
                "sha256:ac9d088e942bdcc27b1d6c6daedb23e65c0aa493cdf131fad4fa08b265a05974",
                "sha256:b4fc4dfb285392d4c287aa956d512d1d7f1a9a38dddc3ec1f2f905d450476d30",
                "sha256:c2269b93ec37919f6608475f99453aa0ed49f22949f989f12c6c1324a046cfe7",
                "sha256:dc052db1812a154da9ad988f03da791a9b2c320fe35d5caa229ef80d2e83d375",
                "sha256:e34d573e30ddf17bd1ab56f34a80144e3c852ff050455a6934aa092533540df1",
                "sha256:e7ce973f25537a3d4a35fda1dae2202e32fed801995fb8881b2f54a588c877e9",
                "sha256:e86433f8cf58bfa50ec84c530c7a99a6eb0d078f9880fb05214bc08c39bcf6be",
                "sha256:e92845c7c1883906fea0a39397f1f654f65f45b39c9c86598742780e1a4d9a89",
                "sha256:eff14a26a09010ed5db60e118cb4b9a7ce7cb61d323ac77891f6a975a756e54e",
                "sha256:f761b23fd86d92498eb617150521d0d86dd4b989ed6e20015e2eff14938a4393"
            ],
            "markers": "python_version >= '3.5'",
            "version": "==0.9.16"
        },
        "dwave-cloud-client": {
            "hashes": [
                "sha256:07a49989bd89714cdaa4024492e475387588834e2e5f0361f212e268a0a39250",
                "sha256:b8eef8a8197189c8517be90ce14f8cb3b697d32f849b5f9346f492f7a669f618"
            ],
            "markers": "python_version >= '3.5'",
            "version": "==0.7.7"
        },
        "dwave-networkx": {
            "hashes": [
                "sha256:490b6d5b4f5cd2660faa04ec1b954161d8b29be0729d9c6db70945d50ea82b73",
                "sha256:fc4e6b16b233d4cb66915bc14c5d88228d3efbc2f762bce14860496b60e6af6f"
            ],
            "markers": "python_version >= '3.6'",
            "version": "==0.8.10"
        },
        "dwave-preprocessing": {
            "hashes": [
                "sha256:059a547ffe6266ad6500fa30698bd3dac2fb246b569291ac06096d3c101efd3b",
                "sha256:0afc9076fe24e8155f9d096e235c4b712bd0dbedf9607085a9dd0076ef87d7c4",
                "sha256:2d7795a8e5fd457cc7a51296c1914ae8d349d921338b109f4e2d762190f2727b",
                "sha256:4bed280c03f81ac4ac74eb227df72fd4da2f9c62c30197abfc0bf1f387c23977",
                "sha256:53c48e722e9cacf792b210f993347d4427daf57e8fbfdba9ae1cb35dfd5e2eb8",
                "sha256:59b0774ccd7a7e8ed506d3f981a938dd7ceb2abf571e7338b8bf18715dc780ba",
                "sha256:72308c1f7fe4edced74b88c3d435ca057348c991e2a6690ed6ec42ca523313f5",
                "sha256:7590d223bc1ced31ac41e211aad89053f44014a1bde4e985cea83373b7148528",
                "sha256:7a61fbbc66f02b0cc2038025be4a108af144ab98ce85c4695af29096eed0caae",
                "sha256:7d0c8fd58631462dbb96d25ab027e431636f68d32fd848f3a02288a6da5fe7d8",
                "sha256:903338e91628ed5db83ec3759932fe4043965a6b11ac01680e026ec8aee6d0c0",
                "sha256:94ff366488c8552eedd24685535eacfb10217809aa06084a7a4568e978a41efe",
                "sha256:979d143827de0808dea2d086ea4cd32008337e513eba446a685bd3b1698694e6",
                "sha256:a94a49f4f4bad507bab780db7c6992e9436a2b253394782940dd2b413ab9e0df",
                "sha256:b0e66bea0530814c3270fd6467bef754e1c0fd4dfd867833a873f5f4cf9b0fe4",
                "sha256:b25480b82fb71e51b92e571eca8e16633ea03cc19888de20e523efc241d0b1df",
                "sha256:b39f03ec5315bc56494f29447dbdf65e6c5b3dc1fd1d858895b0bb24e91da331",
                "sha256:bed8023c6c20f900d0435f94587c8ff85b7cf6802ba14af78709b59118e42ac6",
                "sha256:c557abd981573200e4068b7050692115ca1d9a0c04c0073970e0f2da6b6955da",
                "sha256:d81c95c0a35412e5d4d4628434172a3beece9583806e7cd6268f6da6f1a819f9",
                "sha256:fd0b9ee36f1e637f3e3c35c136920ad3dc658c4f808bc80e2823c3880c134df4"
            ],
            "markers": "python_version >= '3.6'",
            "version": "==0.2.0"
        },
        "dwave-qbsolv": {
            "hashes": [
                "sha256:02e98593b3ce27ce21bd67011d2f874f8176c7a5121db11c54713bf20166f770",
                "sha256:070a41a7a911d74ecbf0ace56eb01a1dfbfc73649358419de96a5d256e550ef6",
                "sha256:0d47786e1d3ec41affee0e55b12fb93ee8884d0baad506f51b46a24a2ad88a8a",
                "sha256:26e9475caf4e6ac9e9b8f08b1830dba2d28be0c77fe048edccb72b3e3118e9c6",
                "sha256:33c6da020bb1f4d90aa2c4cc69a55d5129d5075f9864aade63d17411e32c657e",
                "sha256:3ec6a7e44682b7ef421f2e759a1b908392607c1cd5d6ddc942e0b958569d1de8",
                "sha256:4bce0268d9744449f06393edf4bd2dc5562a3c0de9e1e136a927e00197982ff2",
                "sha256:645cb779d83be26c09f27e42cd69cc589f46c61122458e458832dab5f1bd67d7",
                "sha256:7a4f7ef133d0cd0c04b0deb97d235c92aa5ad416db345fa80613080f0a0bc180",
                "sha256:8bd0f749a01bd5f0e83744c64f049168fb21837e1e580ae13633d8a76de4df55",
                "sha256:952cd8492634e55496fdab777257fa93f9c76332314b40fd4300e621cf39c348",
                "sha256:9b2505f1d79fbbb21ddfde37854a7049558bc16dcd8ec6c1a31a9c59292090d5",
                "sha256:9d1a87476f0e395420cfdbddaf191dd7f632789955a32a8b65b184e4fc52ae4b",
                "sha256:a2aa6d856ca7bed1655c3be0f0ae12c5f66aec5a360d5acf854f639dfb9c75b3",
                "sha256:bd4b6eb36b4c388d7c3a21bbb1280e772b75a7313327d3bd5473caf4d29b8161",
                "sha256:ceb7081b90f875317f95a632b84440c2d02160f120a02685f043b18875e99e43",
                "sha256:d01cd9c831290de269e69813c93ca547aa5a368bde928bf30d2e6c0cf122f0a7",
                "sha256:db69902e2eb845923fa1d3785279148b6a04790e44f4f233797fe99e8c9187a1",
                "sha256:f1f95622a993daea224d6bd4607d8362a108326854a1233187c11877e9f25f23",
                "sha256:f44cc1a9d00ee8f9b63256a8e5ae16317ed9c526b792171d8a473f50339d9cff",
                "sha256:f46a0e782d958b4cbb7d8c04af50b4e753e9a4968623a2941735ecdf5c88e76b"
            ],
            "index": "pypi",
            "version": "==0.3.0"
        },
        "dwave-system": {
            "hashes": [
                "sha256:cd579fb1fd18003f21d255f22929e560a40fdcd722e47d6dd6385bd9760cedb3",
                "sha256:e2f34a6db0f6e7d819a60e506f37569e542673d75edba37012734adc4ca47e59"
            ],
            "index": "pypi",
            "version": "==0.9.5"
        },
        "dwave-tabu": {
            "hashes": [
                "sha256:110884dd5e68bb7c9a8e6813d5d1f220819ea6b49f3654e5e07e5f4b697c0ee0",
                "sha256:1b8db6306156f77d9824ec1e74dbd491c3d2d32cf7fc994488baac356e6d38ab",
                "sha256:26bb0c1b8dc952e6be39158906ecb24b2ee1436cb51c611ac5261bd29741a657",
                "sha256:288b37c95da149646ef88b9ad83fcc95353ce4caebaebc1a47dd7d4fc8eb54dd",
                "sha256:2fcb9b3810c7c3fc2940c1b713c62f40d6f9f054b0e4616d514a21a92640e397",
                "sha256:4416da7ea5afd0358644ae540d38ec47d8bad4beef6d8dc27874ab09564a7ecf",
                "sha256:5261850c0baabbf08d5a8683bfc120135902da5e7049366247462693f2c95118",
                "sha256:57122ed151b108cd87c55e2caa09027a8ff4a4b8651d4837a078d4064205ddcf",
                "sha256:635f4b6a9bf98dcd00bc5c85a3433f19e0dc503ceedb0e19509809ece38909e2",
                "sha256:841d7132fb493fa01f4cb15d8e40306e3201f07669916739269281afed4e913e",
                "sha256:88c5d3b2e0a0b46e057b2d2bc8fa28fdbd00429b6cef33d634b750b0a3a53eaf",
                "sha256:9ecae8bfe28e8bf9a37e846655cf3db06fe2be304ac4a72289a723892eb5dbcd",
                "sha256:a2712e7f5de2a434effbbd8fd8268f1fbea58ae57bff1e7e7b8e1b355571e56f",
                "sha256:a691677f0ac1390ffe226965769e29d0b08f1bfb8539f5b9fce5b99a851afec3",
                "sha256:a8efd04de5f68828dbba053ae99024979a8bae4f4d244845de3269144fbf15d4",
                "sha256:b7ea10e90ec3c6d14a6567af6b51b8fbc430f2f74445718259d2c0ea7006ed93",
                "sha256:c253a4cffdd2b6e0834895db106682642045d3eea0d747fd6aed6845299bde07",
                "sha256:c8e156baa3cbc0498da3c4c54228943b14fa90664cad424ee18378f9aa5d4593",
                "sha256:cb0a044a8f5b2396bd6014e0580039304127c9107c1b5288b2ae04a10170a998",
                "sha256:cf9a2b4ce2c62debbb122302dd2a50a5c2d7b89381be190416b241c97dc2d636",
                "sha256:eaf12cd6d199436b95889cfc0a6fd82457da760625264fe9069a8a5ef159c1c0",
                "sha256:efc7faa84cb4af69b8c02a51adb15764f920ebede3c3a2913d92d1881574f5d1",
                "sha256:fbd20267e3162b7398a6d8eb5c677250978cea5cb8e928ae50f0aecb4e0d2b74"
            ],
            "markers": "python_version >= '3.7'",
            "version": "==0.4.5"
        },
        "homebase": {
            "hashes": [
                "sha256:9ee008df4298b420852d815e6df488822229c4bd8d571bcd0a454e04232c635e",
                "sha256:d64c97f60a8ddd94ce8702bac65ed5d1996aca01a17d1e53e6ad5149e2f8b5b5"
            ],
            "version": "==1.0.1"
        },
        "idna": {
            "hashes": [
                "sha256:814f528e8dead7d329833b91c5faa87d60bf71824cd12a7530b5526063d02cb4",
                "sha256:90b77e79eaa3eba6de819a0c442c0b4ceefc341a7a2ab77d7562bf49f425c5c2"
            ],
            "markers": "python_version >= '3.5'",
            "version": "==3.4"
        },
        "kiwisolver": {
            "hashes": [
                "sha256:02f79693ec433cb4b5f51694e8477ae83b3205768a6fb48ffba60549080e295b",
                "sha256:03baab2d6b4a54ddbb43bba1a3a2d1627e82d205c5cf8f4c924dc49284b87166",
                "sha256:1041feb4cda8708ce73bb4dcb9ce1ccf49d553bf87c3954bdfa46f0c3f77252c",
                "sha256:10ee06759482c78bdb864f4109886dff7b8a56529bc1609d4f1112b93fe6423c",
                "sha256:1d1573129aa0fd901076e2bfb4275a35f5b7aa60fbfb984499d661ec950320b0",
                "sha256:283dffbf061a4ec60391d51e6155e372a1f7a4f5b15d59c8505339454f8989e4",
                "sha256:28bc5b299f48150b5f822ce68624e445040595a4ac3d59251703779836eceff9",
                "sha256:2a66fdfb34e05b705620dd567f5a03f239a088d5a3f321e7b6ac3239d22aa286",
                "sha256:2e307eb9bd99801f82789b44bb45e9f541961831c7311521b13a6c85afc09767",
                "sha256:2e407cb4bd5a13984a6c2c0fe1845e4e41e96f183e5e5cd4d77a857d9693494c",
                "sha256:2f5e60fabb7343a836360c4f0919b8cd0d6dbf08ad2ca6b9cf90bf0c76a3c4f6",
                "sha256:36dafec3d6d6088d34e2de6b85f9d8e2324eb734162fba59d2ba9ed7a2043d5b",
                "sha256:3fe20f63c9ecee44560d0e7f116b3a747a5d7203376abeea292ab3152334d004",
                "sha256:41dae968a94b1ef1897cb322b39360a0812661dba7c682aa45098eb8e193dbdf",
                "sha256:4bd472dbe5e136f96a4b18f295d159d7f26fd399136f5b17b08c4e5f498cd494",
                "sha256:4ea39b0ccc4f5d803e3337dd46bcce60b702be4d86fd0b3d7531ef10fd99a1ac",
                "sha256:5853eb494c71e267912275e5586fe281444eb5e722de4e131cddf9d442615626",
                "sha256:5bce61af018b0cb2055e0e72e7d65290d822d3feee430b7b8203d8a855e78766",
                "sha256:6295ecd49304dcf3bfbfa45d9a081c96509e95f4b9d0eb7ee4ec0530c4a96514",
                "sha256:62ac9cc684da4cf1778d07a89bf5f81b35834cb96ca523d3a7fb32509380cbf6",
                "sha256:70e7c2e7b750585569564e2e5ca9845acfaa5da56ac46df68414f29fea97be9f",
                "sha256:7577c1987baa3adc4b3c62c33bd1118c3ef5c8ddef36f0f2c950ae0b199e100d",
                "sha256:75facbe9606748f43428fc91a43edb46c7ff68889b91fa31f53b58894503a191",
                "sha256:787518a6789009c159453da4d6b683f468ef7a65bbde796bcea803ccf191058d",
                "sha256:78d6601aed50c74e0ef02f4204da1816147a6d3fbdc8b3872d263338a9052c51",
                "sha256:7c43e1e1206cd421cd92e6b3280d4385d41d7166b3ed577ac20444b6995a445f",
                "sha256:81e38381b782cc7e1e46c4e14cd997ee6040768101aefc8fa3c24a4cc58e98f8",
                "sha256:841293b17ad704d70c578f1f0013c890e219952169ce8a24ebc063eecf775454",
                "sha256:872b8ca05c40d309ed13eb2e582cab0c5a05e81e987ab9c521bf05ad1d5cf5cb",
                "sha256:877272cf6b4b7e94c9614f9b10140e198d2186363728ed0f701c6eee1baec1da",
                "sha256:8c808594c88a025d4e322d5bb549282c93c8e1ba71b790f539567932722d7bd8",
                "sha256:8ed58b8acf29798b036d347791141767ccf65eee7f26bde03a71c944449e53de",
                "sha256:91672bacaa030f92fc2f43b620d7b337fd9a5af28b0d6ed3f77afc43c4a64b5a",
                "sha256:968f44fdbf6dd757d12920d63b566eeb4d5b395fd2d00d29d7ef00a00582aac9",
                "sha256:9f85003f5dfa867e86d53fac6f7e6f30c045673fa27b603c397753bebadc3008",
                "sha256:a553dadda40fef6bfa1456dc4be49b113aa92c2a9a9e8711e955618cd69622e3",
                "sha256:a68b62a02953b9841730db7797422f983935aeefceb1679f0fc85cbfbd311c32",
                "sha256:abbe9fa13da955feb8202e215c4018f4bb57469b1b78c7a4c5c7b93001699938",
                "sha256:ad881edc7ccb9d65b0224f4e4d05a1e85cf62d73aab798943df6d48ab0cd79a1",
                "sha256:b1792d939ec70abe76f5054d3f36ed5656021dcad1322d1cc996d4e54165cef9",
                "sha256:b428ef021242344340460fa4c9185d0b1f66fbdbfecc6c63eff4b7c29fad429d",
                "sha256:b533558eae785e33e8c148a8d9921692a9fe5aa516efbdff8606e7d87b9d5824",
                "sha256:ba59c92039ec0a66103b1d5fe588fa546373587a7d68f5c96f743c3396afc04b",
                "sha256:bc8d3bd6c72b2dd9decf16ce70e20abcb3274ba01b4e1c96031e0c4067d1e7cd",
                "sha256:bc9db8a3efb3e403e4ecc6cd9489ea2bac94244f80c78e27c31dcc00d2790ac2",
                "sha256:bf7d9fce9bcc4752ca4a1b80aabd38f6d19009ea5cbda0e0856983cf6d0023f5",
                "sha256:c2dbb44c3f7e6c4d3487b31037b1bdbf424d97687c1747ce4ff2895795c9bf69",
                "sha256:c79ebe8f3676a4c6630fd3f777f3cfecf9289666c84e775a67d1d358578dc2e3",
                "sha256:c97528e64cb9ebeff9701e7938653a9951922f2a38bd847787d4a8e498cc83ae",
                "sha256:d0611a0a2a518464c05ddd5a3a1a0e856ccc10e67079bb17f265ad19ab3c7597",
                "sha256:d06adcfa62a4431d404c31216f0f8ac97397d799cd53800e9d3efc2fbb3cf14e",
                "sha256:d41997519fcba4a1e46eb4a2fe31bc12f0ff957b2b81bac28db24744f333e955",
                "sha256:d5b61785a9ce44e5a4b880272baa7cf6c8f48a5180c3e81c59553ba0cb0821ca",
                "sha256:da152d8cdcab0e56e4f45eb08b9aea6455845ec83172092f09b0e077ece2cf7a",
                "sha256:da7e547706e69e45d95e116e6939488d62174e033b763ab1496b4c29b76fabea",
                "sha256:db5283d90da4174865d520e7366801a93777201e91e79bacbac6e6927cbceede",
                "sha256:db608a6757adabb32f1cfe6066e39b3706d8c3aa69bbc353a5b61edad36a5cb4",
                "sha256:e0ea21f66820452a3f5d1655f8704a60d66ba1191359b96541eaf457710a5fc6",
                "sha256:e7da3fec7408813a7cebc9e4ec55afed2d0fd65c4754bc376bf03498d4e92686",
                "sha256:e92a513161077b53447160b9bd8f522edfbed4bd9759e4c18ab05d7ef7e49408",
                "sha256:ecb1fa0db7bf4cff9dac752abb19505a233c7f16684c5826d1f11ebd9472b871",
                "sha256:efda5fc8cc1c61e4f639b8067d118e742b812c930f708e6667a5ce0d13499e29",
                "sha256:f0a1dbdb5ecbef0d34eb77e56fcb3e95bbd7e50835d9782a45df81cc46949750",
                "sha256:f0a71d85ecdd570ded8ac3d1c0f480842f49a40beb423bb8014539a9f32a5897",
                "sha256:f4f270de01dd3e129a72efad823da90cc4d6aafb64c410c9033aba70db9f1ff0",
                "sha256:f6cb459eea32a4e2cf18ba5fcece2dbdf496384413bc1bae15583f19e567f3b2",
                "sha256:f8ad8285b01b0d4695102546b342b493b3ccc6781fc28c8c6a1bb63e95d22f09",
                "sha256:f9f39e2f049db33a908319cf46624a569b36983c7c78318e9726a4cb8923b26c"
            ],
            "markers": "python_version >= '3.7'",
            "version": "==1.4.4"
        },
        "matplotlib": {
            "hashes": [
                "sha256:2466d4dddeb0f5666fd1e6736cc5287a4f9f7ae6c1a9e0779deff798b28e1d35",
                "sha256:282b3fc8023c4365bad924d1bb442ddc565c2d1635f210b700722776da466ca3",
                "sha256:4bb50ee4755271a2017b070984bcb788d483a8ce3132fab68393d1555b62d4ba",
                "sha256:56d3147714da5c7ac4bc452d041e70e0e0b07c763f604110bd4e2527f320b86d",
                "sha256:7a9baefad265907c6f0b037c8c35a10cf437f7708c27415a5513cf09ac6d6ddd",
                "sha256:aae7d107dc37b4bb72dcc45f70394e6df2e5e92ac4079761aacd0e2ad1d3b1f7",
                "sha256:af14e77829c5b5d5be11858d042d6f2459878f8e296228c7ea13ec1fd308eb68",
                "sha256:c1cf735970b7cd424502719b44288b21089863aaaab099f55e0283a721aaf781",
                "sha256:ce378047902b7a05546b6485b14df77b2ff207a0054e60c10b5680132090c8ee",
                "sha256:d35891a86a4388b6965c2d527b9a9f9e657d9e110b0575ca8a24ba0d4e34b8fc",
                "sha256:e06304686209331f99640642dee08781a9d55c6e32abb45ed54f021f46ccae47",
                "sha256:e20ba7fb37d4647ac38f3c6d8672dd8b62451ee16173a0711b37ba0ce42bf37d",
                "sha256:f4412241e32d0f8d3713b68d3ca6430190a5e8a7c070f1c07d7833d8c5264398",
                "sha256:ffe2f9cdcea1086fc414e82f42271ecf1976700b8edd16ca9d376189c6d93aee"
            ],
            "index": "pypi",
            "version": "==3.2.1"
        },
        "minorminer": {
            "hashes": [
                "sha256:04963c9ce9b1845b1896cff5306b8279f8b0b529435e0f770da1031eb58dcff4",
                "sha256:06b9a4cab1bbbe65ed2da7fe710d8a78e79e35fcc3f77004f1a16852f9a9525b",
                "sha256:10a159cf07f76248961e68a382ad80e7976e6f31feedfe05e6efce38a40d9983",
                "sha256:13f6d6d7f3d586eed0ec8de392560be064dab33050ccb8e793c5e13db0a2fa27",
                "sha256:1c211050724c5a5dcb9c91a5ec6fa929c3b33734ac39bacf5967e53cf5159e46",
                "sha256:1d94ed00405295fb9aa493731b1ea9feb9f78fcb126aed4791b1d31e5c622a3b",
                "sha256:43f601235df70e9344db2bccbcb5fe5ce884ed4f2864955decc404a811ea61a0",
                "sha256:44b3d1f035779945b19641153e8d460fbf934b7a3c0c6740aac423cbf41f511b",
                "sha256:4e26b681f0efa152343e0646e82a88b2e27b5cb46e128dca40800986efa2ab49",
                "sha256:4fe8dfd1754a38632d9fd17ee85698b415c8c721482e59ead08a8eb690d79e06",
                "sha256:5489ac068fb41f2ebfbfbbc2ddaec1f5ffa9cbab9522edd0728ccf1524a7e20d",
                "sha256:59b2b2871be2fca5074ec6bde11b4aeb325a5177bf7133840bca6e1aecc328ce",
                "sha256:5dfa0734ffc7f290a2e37830079afbdc20612e328ad4916ca05a816a8891d49e",
                "sha256:608017e3b06f9d6aba897327daa68434813a303d5168f8ee1610dc1d32fa64b6",
                "sha256:62b5ea272c0e89c4c31518c52eb7a32e41037f5d313d38efd02e2467b1e652ca",
                "sha256:7087817351f598b9721625f40663b3474915745aae83ca5b6d96821f01c1096b",
                "sha256:736816b391d18edb0f7186d321172bbd6b90a435cab2438b3ef44d4199c4921e",
                "sha256:8e5846ccc31aa48ddb40cda3430cf454c1bb13e8f69ad879477c18b970d63d80",
                "sha256:a0755f1ba7046eabc9b2dec333b5da8bb8d9000a4bc3f8ef53751c5dc7bec743",
                "sha256:a313370ec0666da51be830d20634dda3cc6521ec638afac173c1e802983bb700",
                "sha256:a781cb6a64b667be82d31244dd82c03adfd07ac46389471bf8f6301d28d26216",
                "sha256:b02433f15a1d2c9de42ead2cca5ec5ccf597297f969708193c1749b9d47f0c5c",
                "sha256:b02667172eb71a7793ab04689a56f0f3d6488885f5e10deda48d1fd8e2589ae6",
                "sha256:b150f19fbef797346dde9589be3c7b613a0f597813bb3ea1c56b324480a513fe",
                "sha256:c74bfea0d9efe6e32ad64ae3ba0a0a6a40d78eb1c29d0f6ae83e80fcba58d9a2",
                "sha256:e6a44f96d74ef1e2346d4921b677eac7fb41135a49bdc596d12692f6a1eb1e2b",
                "sha256:e7ac7fff57c6e0d36e77218aa66adb89037d2d62e96d71f11332675b4dec8adb",
                "sha256:e7bf9e01b46e0fd05b5c8195131d467519a5c043ab24d0d9fea3cd55b268b62e",
                "sha256:e812df946d1dbe5908ad50cfc1901954bfa140e667cfc02f733b0cdb2ee63eab",
                "sha256:ed3fbc94047dc0e8416c218a98bdaefac088d09dab09a4d27ccb48d2f9d42a65",
                "sha256:f1fcfda85cbef4c2dd17c88414ee24b48c0f71e66525508cb748c4a88f2ad282"
            ],
            "markers": "python_version >= '2.7' and python_version not in '3.0, 3.1, 3.2, 3.3'",
            "version": "==0.1.9"
        },
        "networkx": {
            "hashes": [
                "sha256:2a30822761f34d56b9a370d96a4bf4827a535f5591a4078a453425caeba0c5bb",
                "sha256:bd2b7730300860cbd2dafe8e5af89ff5c9a65c3975b352799d87a6238b4301a6"
            ],
            "markers": "python_version >= '3.8'",
            "version": "==2.8.6"
        },
        "numpy": {
            "hashes": [
                "sha256:0172304e7d8d40e9e49553901903dc5f5a49a703363ed756796f5808a06fc233",
                "sha256:34e96e9dae65c4839bd80012023aadd6ee2ccb73ce7fdf3074c62f301e63120b",
                "sha256:3676abe3d621fc467c4c1469ee11e395c82b2d6b5463a9454e37fe9da07cd0d7",
                "sha256:3dd6823d3e04b5f223e3e265b4a1eae15f104f4366edd409e5a5e413a98f911f",
                "sha256:4064f53d4cce69e9ac613256dc2162e56f20a4e2d2086b1956dd2fcf77b7fac5",
                "sha256:4674f7d27a6c1c52a4d1aa5f0881f1eff840d2206989bae6acb1c7668c02ebfb",
                "sha256:7d42ab8cedd175b5ebcb39b5208b25ba104842489ed59fbb29356f671ac93583",
                "sha256:965df25449305092b23d5145b9bdaeb0149b6e41a77a7d728b1644b3c99277c1",
                "sha256:9c9d6531bc1886454f44aa8f809268bc481295cf9740827254f53c30104f074a",
                "sha256:a78e438db8ec26d5d9d0e584b27ef25c7afa5a182d1bf4d05e313d2d6d515271",
                "sha256:a7acefddf994af1aeba05bbbafe4ba983a187079f125146dc5859e6d817df824",
                "sha256:a87f59508c2b7ceb8631c20630118cc546f1f815e034193dc72390db038a5cb3",
                "sha256:ac792b385d81151bae2a5a8adb2b88261ceb4976dbfaaad9ce3a200e036753dc",
                "sha256:b03b2c0badeb606d1232e5f78852c102c0a7989d3a534b3129e7856a52f3d161",
                "sha256:b39321f1a74d1f9183bf1638a745b4fd6fe80efbb1f6b32b932a588b4bc7695f",
                "sha256:cae14a01a159b1ed91a324722d746523ec757357260c6804d11d6147a9e53e3f",
                "sha256:cd49930af1d1e49a812d987c2620ee63965b619257bd76eaaa95870ca08837cf",
                "sha256:e15b382603c58f24265c9c931c9a45eebf44fe2e6b4eaedbb0d025ab3255228b",
                "sha256:e91d31b34fc7c2c8f756b4e902f901f856ae53a93399368d9a0dc7be17ed2ca0",
                "sha256:ef627986941b5edd1ed74ba89ca43196ed197f1a206a3f18cc9faf2fb84fd675",
                "sha256:f718a7949d1c4f622ff548c572e0c03440b49b9531ff00e4ed5738b459f011e8"
            ],
            "index": "pypi",
            "version": "==1.18.5"
        },
        "ortools": {
            "hashes": [
                "sha256:05273768c38b603e4605ef5ee2beb80f877f0b7a2cc59639a2d4c5d877c659db",
                "sha256:200eea97fd5ca524cbcb2a54cacde3da0df47061a0e048ab4f34ccdb9633aef5",
                "sha256:271ab0cad19c598f83877ea8b37484a3f87aacc741ac0cf56ad9900965c9f041",
                "sha256:2a1f0095989b8e4dfe40e0c806b4a7f51e5a42806fdac1b2750aecb2d424626e",
                "sha256:2dc97b706f618c019997c4441ad47a3fca99f8cb76af25e169bfdda5dd767695",
                "sha256:4ad95879c30863f9a753c8bf6388a316d92e0ba4b6c73dbad1d81f37c011b2ac",
                "sha256:8984b89437effb070ac030335f3ffa300da5a403c92c09454759739a0252aa86",
                "sha256:be2969390a8d13a13fc3e6aedfc90e19df344f916e4db050200df3c489fdb05b",
                "sha256:c6c99da57d1921eb248bc4f188be724e6783ee05a2cc37b04d4658d5643f7ae6",
                "sha256:d26d0bb5ab1427b7b95278a82ca951798bcb12abd44128e2f9de3640b5e26c0f"
            ],
            "index": "pypi",
            "version": "==7.6.7691"
        },
        "pandas": {
            "hashes": [
                "sha256:034185bb615dc96d08fa13aacba8862949db19d5e7804d6ee242d086f07bcc46",
                "sha256:0c9b7f1933e3226cc16129cf2093338d63ace5c85db7c9588e3e1ac5c1937ad5",
                "sha256:1f6fcf0404626ca0475715da045a878c7062ed39bc859afc4ccf0ba0a586a0aa",
                "sha256:1fc963ba33c299973e92d45466e576d11f28611f3549469aec4a35658ef9f4cc",
                "sha256:29b4cfee5df2bc885607b8f016e901e63df7ffc8f00209000471778f46cc6678",
                "sha256:2a8b6c28607e3f3c344fe3e9b3cd76d2bf9f59bc8c0f2e582e3728b80e1786dc",
                "sha256:2bc2ff52091a6ac481cc75d514f06227dc1b10887df1eb72d535475e7b825e31",
                "sha256:415e4d52fcfd68c3d8f1851cef4d947399232741cc994c8f6aa5e6a9f2e4b1d8",
                "sha256:519678882fd0587410ece91e3ff7f73ad6ded60f6fcb8aa7bcc85c1dc20ecac6",
                "sha256:51e0abe6e9f5096d246232b461649b0aa627f46de8f6344597ca908f2240cbaa",
                "sha256:698e26372dba93f3aeb09cd7da2bb6dd6ade248338cfe423792c07116297f8f4",
                "sha256:83af85c8e539a7876d23b78433d90f6a0e8aa913e37320785cf3888c946ee874",
                "sha256:982cda36d1773076a415ec62766b3c0a21cdbae84525135bdb8f460c489bb5dd",
                "sha256:a647e44ba1b3344ebc5991c8aafeb7cca2b930010923657a273b41d86ae225c4",
                "sha256:b35d625282baa7b51e82e52622c300a1ca9f786711b2af7cbe64f1e6831f4126",
                "sha256:bab51855f8b318ef39c2af2c11095f45a10b74cbab4e3c8199efcc5af314c648"
            ],
            "index": "pypi",
            "version": "==1.0.4"
        },
        "plucky": {
            "hashes": [
                "sha256:5bc75d43ae6b40f1b7ba42000b37e4934fa6bd2d6a6cd4e47461f803a404c194",
                "sha256:a358878f3e45b5e51d0b4e5b5c89d704422a72c2cf8ee9aaf9acedfa53f89105"
            ],
            "version": "==0.4.3"
        },
        "protobuf": {
            "hashes": [
                "sha256:0c44e01f74109decea196b5b313b08edb5316df77313995594a6981e95674259",
                "sha256:15cdecb0d192ab5f17cdc21a9c0ae7b5c6c4451e42c8a888a4f3344c190e369c",
                "sha256:196a153e487c0e20d62259872bbf2e1c4fa18e2ce97e20984fcbf9d8b151058d",
                "sha256:3149c373e9b7ce296bb24d42a3eb677d620185b5dff2c390b2cf57baf79afdc1",
                "sha256:370a6b885e94adda021d4cbe43accdfbf6a02af651a0be337a28906a3fa77f3d",
                "sha256:474247630834f93214fafce49d2ee6ff4c036c8c5382b88432b7eae6f08f131b",
                "sha256:6380aae2683d0d1b41199e591c8ba06f867e8a778d44309af87073c1b34a9f3a",
                "sha256:6741d7d1cfcbdd6cf610f38b7976cf8c0b41022203555298925e4061b6616608",
                "sha256:700787cb56b4cb7b8ed5f7d197b9d8f30080f257f3c7431eec1fdd8060660929",
                "sha256:8117b52c2531e4033f7d02b9be5a78564da41a8b02c255e1b731ad4bd75e7dc0",
                "sha256:850da2072d98c6e576b7eb29734cdde6fd9f5d157e43d7818d79f4b373ef5d51",
                "sha256:85d1fb5ff1d638a0045bbe4f01a8f287023aa4f2b29011445b1be0edc74a2103",
                "sha256:93bca9aaeee8008e15696c2a6b5e56b992da03f9d237ff54310e397d635f8305",
                "sha256:98d414513ec44bb3ba77ebdeffcbbe6ebbf3630c767d37a285890c2414fdd4e2",
                "sha256:a7f91a4e5bf3cc58b2830c9cb01b04ac5e211c288048e9296cd407ec0455fb89",
                "sha256:abbcb8ecd19cfb729b9b71f9a453e37c0c1c017be4bff47804ff25150685386d",
                "sha256:b03966ca4d1aa7850f5bf0d841c22a8eeb6ce091f77e585ffeb8b95a6b0a96c4",
                "sha256:cde2a73b03049b904dbc5d0f500b97e11abb4109dbe2940e6a1595e2eef4e8a9",
                "sha256:d52a687e2c74c40f45abd6906f833d4e40f0f8cfa4226a80e4695fedafe6c57e",
                "sha256:e68ad00695547d9397dd14abd3efba23cb31cef67228f4512d41396971889812",
                "sha256:e9bffd52d6ee039a1cafb72475b2900c6fd0f0dca667fb7a09af0a3e119e78cb"
            ],
            "index": "pypi",
            "version": "==3.18.3"
        },
        "pyparsing": {
            "hashes": [
                "sha256:2b020ecf7d21b687f219b71ecad3631f644a47f01403fa1d1036b0c6416d70fb",
                "sha256:5026bae9a10eeaefb61dab2f09052b9f4307d44aee4eda64b309723d8d206bbc"
            ],
            "markers": "python_full_version >= '3.6.8'",
            "version": "==3.0.9"
        },
        "pysocks": {
            "hashes": [
                "sha256:08e69f092cc6dbe92a0fdd16eeb9b9ffbc13cadfe5ca4c7bd92ffb078b293299",
                "sha256:2725bd0a9925919b9b51739eea5f9e2bae91e83288108a9ad338b2e3a4435ee5",
                "sha256:3f8804571ebe159c380ac6de37643bb4685970655d3bba243530d6558b799aa0"
            ],
            "version": "==1.7.1"
        },
        "python-dateutil": {
            "hashes": [
                "sha256:0123cacc1627ae19ddf3c27a5de5bd67ee4586fbdd6440d9748f8abb483d3e86",
                "sha256:961d03dc3453ebbc59dbdea9e4e11c5651520a876d0f4db161e8674aae935da9"
            ],
            "markers": "python_version >= '2.7' and python_version not in '3.0, 3.1, 3.2, 3.3'",
            "version": "==2.8.2"
        },
        "pytz": {
            "hashes": [
                "sha256:220f481bdafa09c3955dfbdddb7b57780e9a94f5127e35456a48589b9e0c0197",
                "sha256:cea221417204f2d1a2aa03ddae3e867921971d0d76f14d87abb4414415bbdcf5"
            ],
            "version": "==2022.2.1"
        },
        "requests": {
            "extras": [
                "socks"
            ],
            "hashes": [
                "sha256:7c5599b102feddaa661c826c56ab4fee28bfd17f5abca1ebbe3e7f19d7c97983",
                "sha256:8fefa2a1a1365bf5520aac41836fbee479da67864514bdb821f31ce07ce65349"
            ],
            "markers": "python_version >= '3.7' and python_version < '4'",
            "version": "==2.28.1"
        },
        "scipy": {
            "hashes": [
                "sha256:00af72998a46c25bdb5824d2b729e7dabec0c765f9deb0b504f928591f5ff9d4",
                "sha256:0902a620a381f101e184a958459b36d3ee50f5effd186db76e131cbefcbb96f7",
                "sha256:1e3190466d669d658233e8a583b854f6386dd62d655539b77b3fa25bfb2abb70",
                "sha256:2cce3f9847a1a51019e8c5b47620da93950e58ebc611f13e0d11f4980ca5fecb",
                "sha256:3092857f36b690a321a662fe5496cb816a7f4eecd875e1d36793d92d3f884073",
                "sha256:386086e2972ed2db17cebf88610aab7d7f6e2c0ca30042dc9a89cf18dcc363fa",
                "sha256:71eb180f22c49066f25d6df16f8709f215723317cc951d99e54dc88020ea57be",
                "sha256:770254a280d741dd3436919d47e35712fb081a6ff8bafc0f319382b954b77802",
                "sha256:787cc50cab3020a865640aba3485e9fbd161d4d3b0d03a967df1a2881320512d",
                "sha256:8a07760d5c7f3a92e440ad3aedcc98891e915ce857664282ae3c0220f3301eb6",
                "sha256:8d3bc3993b8e4be7eade6dcc6fd59a412d96d3a33fa42b0fa45dc9e24495ede9",
                "sha256:9508a7c628a165c2c835f2497837bf6ac80eb25291055f56c129df3c943cbaf8",
                "sha256:a144811318853a23d32a07bc7fd5561ff0cac5da643d96ed94a4ffe967d89672",
                "sha256:a1aae70d52d0b074d8121333bc807a485f9f1e6a69742010b33780df2e60cfe0",
                "sha256:a2d6df9eb074af7f08866598e4ef068a2b310d98f87dc23bd1b90ec7bdcec802",
                "sha256:bb517872058a1f087c4528e7429b4a44533a902644987e7b2fe35ecc223bc408",
                "sha256:c5cac0c0387272ee0e789e94a570ac51deb01c796b37fb2aad1fb13f85e2f97d",
                "sha256:cc971a82ea1170e677443108703a2ec9ff0f70752258d0e9f5433d00dda01f59",
                "sha256:dba8306f6da99e37ea08c08fef6e274b5bf8567bb094d1dbe86a20e532aca088",
                "sha256:dc60bb302f48acf6da8ca4444cfa17d52c63c5415302a9ee77b3b21618090521",
                "sha256:dee1bbf3a6c8f73b6b218cb28eed8dd13347ea2f87d572ce19b289d6fd3fbc59"
            ],
            "index": "pypi",
            "version": "==1.4.1"
        },
        "six": {
            "hashes": [
                "sha256:1e61c37477a1626458e36f7b1d82aa5c9b094fa4802892072e49de9c60c4c926",
                "sha256:8abb2f1d86890a2dfb989f9a77cfcfd3e47c2a354b01111771326f8aa26e0254"
            ],
            "markers": "python_version >= '2.7' and python_version not in '3.0, 3.1, 3.2, 3.3'",
            "version": "==1.16.0"
        },
        "tqdm": {
            "hashes": [
                "sha256:07c06493f1403c1380b630ae3dcbe5ae62abcf369a93bbc052502279f189ab8c",
                "sha256:cd140979c2bebd2311dfb14781d8f19bd5a9debb92dcab9f6ef899c987fcf71f"
            ],
            "index": "pypi",
            "version": "==4.46.1"
        },
        "urllib3": {
            "hashes": [
                "sha256:3fa96cf423e6987997fc326ae8df396db2a8b7c667747d47ddd8ecba91f4a74e",
                "sha256:b930dd878d5a8afb066a637fbb35144fe7901e3b209d1cd4f524bd0e9deee997"
            ],
            "markers": "python_version >= '2.7' and python_version not in '3.0, 3.1, 3.2, 3.3, 3.4, 3.5' and python_version < '4'",
            "version": "==1.26.12"
        }
    },
    "develop": {}
}
