{
    "_meta": {
        "hash": {
            "sha256": "83ad6322bde12061ab3727c720cdcc3ab3fff66abc013ea4655626c6864a787f"
        },
        "pipfile-spec": 6,
        "requires": {
            "python_version": "3.8"
        },
        "sources": [
            {
                "name": "pypi",
                "url": "https://pypi.org/simple",
                "verify_ssl": true
            }
        ]
    },
    "default": {
        "certifi": {
            "hashes": [
                "sha256:2bbf76fd432960138b3ef6dda3dde0544f27cbf8546c458e60baf371917ba9ee",
                "sha256:50b1e4f8446b06f41be7dd6338db18e0990601dce795c2b1686458aa7e8fa7d8"
            ],
            "version": "==2021.5.30"
        },
        "chardet": {
            "hashes": [
                "sha256:0d6f53a15db4120f2b08c94f11e7d93d2c911ee118b6b30a04ec3ee8310179fa",
                "sha256:f864054d66fd9118f2e67044ac8981a54775ec5b67aed0441892edb553d21da5"
            ],
            "version": "==4.0.0"
        },
        "click": {
            "hashes": [
                "sha256:8c04c11192119b1ef78ea049e0a6f0463e4c48ef00a30160c704337586f3ad7a",
                "sha256:fba402a4a47334742d782209a7c79bc448911afe1149d07bdabdf480b3e2f4b6"
            ],
            "version": "==8.0.1"
        },
        "coverage": {
            "hashes": [
                "sha256:00f1d23f4336efc3b311ed0d807feb45098fc86dee1ca13b3d6768cdab187c8a",
                "sha256:01333e1bd22c59713ba8a79f088b3955946e293114479bbfc2e37d522be03355",
                "sha256:0cb4be7e784dcdc050fc58ef05b71aa8e89b7e6636b99967fadbdba694cf2b65",
                "sha256:0e61d9803d5851849c24f78227939c701ced6704f337cad0a91e0972c51c1ee7",
                "sha256:1601e480b9b99697a570cea7ef749e88123c04b92d84cedaa01e117436b4a0a9",
                "sha256:2742c7515b9eb368718cd091bad1a1b44135cc72468c731302b3d641895b83d1",
                "sha256:2d27a3f742c98e5c6b461ee6ef7287400a1956c11421eb574d843d9ec1f772f0",
                "sha256:402e1744733df483b93abbf209283898e9f0d67470707e3c7516d84f48524f55",
                "sha256:5c542d1e62eece33c306d66fe0a5c4f7f7b3c08fecc46ead86d7916684b36d6c",
                "sha256:5f2294dbf7875b991c381e3d5af2bcc3494d836affa52b809c91697449d0eda6",
                "sha256:6402bd2fdedabbdb63a316308142597534ea8e1895f4e7d8bf7476c5e8751fef",
                "sha256:66460ab1599d3cf894bb6baee8c684788819b71a5dc1e8fa2ecc152e5d752019",
                "sha256:782caea581a6e9ff75eccda79287daefd1d2631cc09d642b6ee2d6da21fc0a4e",
                "sha256:79a3cfd6346ce6c13145731d39db47b7a7b859c0272f02cdb89a3bdcbae233a0",
                "sha256:7a5bdad4edec57b5fb8dae7d3ee58622d626fd3a0be0dfceda162a7035885ecf",
                "sha256:8fa0cbc7ecad630e5b0f4f35b0f6ad419246b02bc750de7ac66db92667996d24",
                "sha256:a027ef0492ede1e03a8054e3c37b8def89a1e3c471482e9f046906ba4f2aafd2",
                "sha256:a3f3654d5734a3ece152636aad89f58afc9213c6520062db3978239db122f03c",
                "sha256:a82b92b04a23d3c8a581fc049228bafde988abacba397d57ce95fe95e0338ab4",
                "sha256:acf3763ed01af8410fc36afea23707d4ea58ba7e86a8ee915dfb9ceff9ef69d0",
                "sha256:adeb4c5b608574a3d647011af36f7586811a2c1197c861aedb548dd2453b41cd",
                "sha256:b83835506dfc185a319031cf853fa4bb1b3974b1f913f5bb1a0f3d98bdcded04",
                "sha256:bb28a7245de68bf29f6fb199545d072d1036a1917dca17a1e75bbb919e14ee8e",
                "sha256:bf9cb9a9fd8891e7efd2d44deb24b86d647394b9705b744ff6f8261e6f29a730",
                "sha256:c317eaf5ff46a34305b202e73404f55f7389ef834b8dbf4da09b9b9b37f76dd2",
                "sha256:dbe8c6ae7534b5b024296464f387d57c13caa942f6d8e6e0346f27e509f0f768",
                "sha256:de807ae933cfb7f0c7d9d981a053772452217df2bf38e7e6267c9cbf9545a796",
                "sha256:dead2ddede4c7ba6cb3a721870f5141c97dc7d85a079edb4bd8d88c3ad5b20c7",
                "sha256:dec5202bfe6f672d4511086e125db035a52b00f1648d6407cc8e526912c0353a",
                "sha256:e1ea316102ea1e1770724db01998d1603ed921c54a86a2efcb03428d5417e489",
                "sha256:f90bfc4ad18450c80b024036eaf91e4a246ae287701aaa88eaebebf150868052"
            ],
            "index": "pypi",
            "version": "==5.1"
        },
        "cycler": {
            "hashes": [
                "sha256:1d8a5ae1ff6c5cf9b93e8811e581232ad8920aeec647c37316ceac982b08cb2d",
                "sha256:cd7b2d1018258d7247a71425e9f26463dfb444d411c39569972f4ce586b0c9d8"
            ],
            "version": "==0.10.0"
        },
        "decorator": {
            "hashes": [
                "sha256:41fa54c2a0cc4ba648be4fd43cff00aedf5b9465c9bf18d64325bc225f08f760",
                "sha256:e3a62f0520172440ca0dcc823749319382e377f37f140a0b99ef45fecb84bfe7"
            ],
            "version": "==4.4.2"
        },
        "dimod": {
            "hashes": [
                "sha256:025037950ddead91b8fb40611c93c130ad1f6242ac73c362feadf1795bafbc52",
                "sha256:065bb63e107416b8c8af6ba36c5f7cab4b456bec7a88576a1e8b1e49e7bd38b2",
                "sha256:0d949d9220aeb16152e839ae646bde3bad3e498126f7a7abc36121381f1c9d00",
                "sha256:0dd22e35ee8f457522a03d70f83f143bf6d295732f643d508dc04ce3cae0b09a",
                "sha256:1d11d3b390647a5ffbfcc94c1d2c88cc7b96fdb782f623a5e1470ffde1ed2809",
                "sha256:211a46e9f52b30eeb2ff688f159afcfb0d5195e0654d9dcc6d810588e446a282",
                "sha256:3242542d2c6b4eb0c084e5feeb7afbf27e741445ef3a554adf00194e26285b0e",
                "sha256:39dfb8106df3384c6ba465db596c944caaa4fc32feeb607ce7fa57ee28fbc584",
                "sha256:403b49bfaca32861ec5cbb0db814464b33517d7b918dfadea8f4cc882b471f3f",
                "sha256:40f5e824cbf6937cf8f06aae5492a758b51806fe963e48a089d300a71e2d2d40",
                "sha256:428b353c03db1a5f4ea5ac38b902c18f5dac6ac6a0a9e16c8fbd9e36a38be358",
                "sha256:45a687ef4dcd3f10b2a36c4974fc7bcb4fd08e61fba0352af7ae4bd614c509a5",
                "sha256:57693a08caca1c4261c45d835d8dd0ff45d0e20992b912909a078b0cc6c87b83",
                "sha256:593174e021af7e4b411eda1aaf6e94f8b2b26c85ce9c84b0fbbf1a4509adb0a2",
                "sha256:609cf95be8448d1d0408d41f970a08bf95a1a2c84e0dbd133f75dfe6748a0678",
                "sha256:6d7ae15101422592e6f4a25ae01eaf57b3084daa2350369f4de86dadf4680af9",
                "sha256:73007b1ef9d8573c7552e5f7c8919e19a4654a6a6572e2950439673dcb6aaab1",
                "sha256:7e0133cdf0a5f91302a36e8cdba76f24669326f5d300cc84da7ccf40805bae1e",
                "sha256:7faa833097fa0f25e3dcb4f9db97d56afa2983865e31e70a257ce3798779928b",
                "sha256:86b54ca922d5cd7f3c57d3e27a2057c93db2d1683293974c5e3c1093c122fcba",
                "sha256:c3678174f183640181de7c7b22dbce266801d7ffe1cd37f763414ea98ed577cd",
                "sha256:e069d2ec1bf5f0d3def7bd1dbd231851dc5cbc18b54df50c73d3d192791f2bf8",
                "sha256:ed24c4da257313f86078bc330365afc8b1b447679c30b446249c12a4d5f2ebf1",
                "sha256:f191e2e5477ea0f48f92a316309d45529fa84b759938306e668b4d64933b2d2c",
                "sha256:f67cc023d72beb509411eb3c7f2ac478c42992ab88f2b107ad8f5518e9e842b1",
                "sha256:fa8e9e8f2df02cdf9950b6eb6d70b70b53bc3b6c202705263dfc4edc460233c6"
            ],
            "version": "==0.9.15"
        },
        "dwave-cloud-client": {
            "hashes": [
                "sha256:07a49989bd89714cdaa4024492e475387588834e2e5f0361f212e268a0a39250",
                "sha256:b8eef8a8197189c8517be90ce14f8cb3b697d32f849b5f9346f492f7a669f618"
            ],
            "version": "==0.7.7"
        },
        "dwave-networkx": {
            "hashes": [
                "sha256:9d6bb1f93d89511aeaa191319da9970e48134a4dccecff59c972e8f1f3107387",
                "sha256:f4c4c8d61ec32899c15873ed17729dd3431e56415b656d405510bf9e98f2614c"
            ],
            "version": "==0.8.8"
        },
        "dwave-qbsolv": {
            "hashes": [
                "sha256:02e98593b3ce27ce21bd67011d2f874f8176c7a5121db11c54713bf20166f770",
                "sha256:070a41a7a911d74ecbf0ace56eb01a1dfbfc73649358419de96a5d256e550ef6",
                "sha256:0d47786e1d3ec41affee0e55b12fb93ee8884d0baad506f51b46a24a2ad88a8a",
                "sha256:26e9475caf4e6ac9e9b8f08b1830dba2d28be0c77fe048edccb72b3e3118e9c6",
                "sha256:33c6da020bb1f4d90aa2c4cc69a55d5129d5075f9864aade63d17411e32c657e",
                "sha256:3ec6a7e44682b7ef421f2e759a1b908392607c1cd5d6ddc942e0b958569d1de8",
                "sha256:4bce0268d9744449f06393edf4bd2dc5562a3c0de9e1e136a927e00197982ff2",
                "sha256:645cb779d83be26c09f27e42cd69cc589f46c61122458e458832dab5f1bd67d7",
                "sha256:7a4f7ef133d0cd0c04b0deb97d235c92aa5ad416db345fa80613080f0a0bc180",
                "sha256:8bd0f749a01bd5f0e83744c64f049168fb21837e1e580ae13633d8a76de4df55",
                "sha256:952cd8492634e55496fdab777257fa93f9c76332314b40fd4300e621cf39c348",
                "sha256:9b2505f1d79fbbb21ddfde37854a7049558bc16dcd8ec6c1a31a9c59292090d5",
                "sha256:9d1a87476f0e395420cfdbddaf191dd7f632789955a32a8b65b184e4fc52ae4b",
                "sha256:a2aa6d856ca7bed1655c3be0f0ae12c5f66aec5a360d5acf854f639dfb9c75b3",
                "sha256:bd4b6eb36b4c388d7c3a21bbb1280e772b75a7313327d3bd5473caf4d29b8161",
                "sha256:ceb7081b90f875317f95a632b84440c2d02160f120a02685f043b18875e99e43",
                "sha256:d01cd9c831290de269e69813c93ca547aa5a368bde928bf30d2e6c0cf122f0a7",
                "sha256:db69902e2eb845923fa1d3785279148b6a04790e44f4f233797fe99e8c9187a1",
                "sha256:f1f95622a993daea224d6bd4607d8362a108326854a1233187c11877e9f25f23",
                "sha256:f44cc1a9d00ee8f9b63256a8e5ae16317ed9c526b792171d8a473f50339d9cff",
                "sha256:f46a0e782d958b4cbb7d8c04af50b4e753e9a4968623a2941735ecdf5c88e76b"
            ],
            "index": "pypi",
            "version": "==0.3.0"
        },
        "dwave-system": {
            "hashes": [
                "sha256:cd579fb1fd18003f21d255f22929e560a40fdcd722e47d6dd6385bd9760cedb3",
                "sha256:e2f34a6db0f6e7d819a60e506f37569e542673d75edba37012734adc4ca47e59"
            ],
            "index": "pypi",
            "version": "==0.9.5"
        },
        "dwave-tabu": {
            "hashes": [
                "sha256:042042a99f5fb3d393777a3ac3b8c0e310d459c7a0fe84aa7ab9094a240e51b7",
                "sha256:17d7db2497222089b145f766d6b3487f673c84d73107470b0504583a9b438a0a",
                "sha256:27898f16330b60bce08455e41e1b45593fd3db616ce97b69507aa7d8da8df62a",
                "sha256:2ca65570d2a5fa209d7a79a025e853196a8c9a0d16bd8fcdb04ed4562ec093aa",
                "sha256:43222737a36b53fb4a978a5ec5e6548fa16b30295e24602cf68bf62d4fba5f6f",
                "sha256:4ba4069609ca76e89210e52aa11da511bf7ba835b67d6d3a9c3df47e12cbf9ef",
                "sha256:585282f8ef05cb787830378d03033b178e6e221cd21d705c962674a92062041a",
                "sha256:617ccb99249d40c0028e0234449a9e4a39d0c992a1d3ef59a2158f25fc7d7a7e",
                "sha256:7e49db00fb6c8671ecce8e651428b2c9093e92883837953c84b3484741a4ac33",
                "sha256:83e94b804a5a03eae9da73cc7a9d16ff698c8ef9b24f3d6b0d21caddcb2bf0c1",
                "sha256:87068c68c10a84bd5221e7359d38ac0a064bb52c3ffe7fc02e1d71e3c451ecc3",
                "sha256:8e044e877b53d1ca5bc07059ab23e54ffaf5ff2303928b5a7d42d1b8e7ef7dfb",
                "sha256:90dffcb47640c221d8009ed91bbee9296e86249d8e8940f0e4d85b12db0ed27f",
                "sha256:924a2feeb115c55ec21f14a5b5997b40067165096c97ee7611ce81272914e642",
                "sha256:b4364be6b1d04390196ce3090c8bf4a678b8cd2342ac79afbf56320a5e03e861",
                "sha256:be170e1b55d1799d054f1fff0bd44c0a4ce55845857bf679c7d565bed8f8a575",
                "sha256:c4399e44a6afba09dbb23130ce47aba81351f1608974993a597b6f33519e7189",
                "sha256:cd85096a6f5840316c2358d8ba42c088878590fcc3225800e4cff6145c307b0a",
                "sha256:cfbd10c4f44640e80412128dfc3596ba41300e26bef5b0d60802b6c34a867fe0",
                "sha256:f1e73c7b54e43653962754410c82f4bc20b2e9918e69e37e164815629bac99b6",
                "sha256:f99ebb6e88248667334aee8113546993fa96744fef2acf16e583399ce4f66585"
            ],
            "version": "==0.4.0"
        },
        "homebase": {
            "hashes": [
                "sha256:9ee008df4298b420852d815e6df488822229c4bd8d571bcd0a454e04232c635e",
                "sha256:d64c97f60a8ddd94ce8702bac65ed5d1996aca01a17d1e53e6ad5149e2f8b5b5"
            ],
            "version": "==1.0.1"
        },
        "idna": {
            "hashes": [
                "sha256:b307872f855b18632ce0c21c5e45be78c0ea7ae4c15c828c20788b26921eb3f6",
                "sha256:b97d804b1e9b523befed77c48dacec60e6dcb0b5391d57af6a65a312a90648c0"
            ],
            "version": "==2.10"
        },
        "kiwisolver": {
            "hashes": [
                "sha256:0cd53f403202159b44528498de18f9285b04482bab2a6fc3f5dd8dbb9352e30d",
                "sha256:1e1bc12fb773a7b2ffdeb8380609f4f8064777877b2225dec3da711b421fda31",
                "sha256:225e2e18f271e0ed8157d7f4518ffbf99b9450fca398d561eb5c4a87d0986dd9",
                "sha256:232c9e11fd7ac3a470d65cd67e4359eee155ec57e822e5220322d7b2ac84fbf0",
                "sha256:31dfd2ac56edc0ff9ac295193eeaea1c0c923c0355bf948fbd99ed6018010b72",
                "sha256:33449715e0101e4d34f64990352bce4095c8bf13bed1b390773fc0a7295967b3",
                "sha256:401a2e9afa8588589775fe34fc22d918ae839aaaf0c0e96441c0fdbce6d8ebe6",
                "sha256:44a62e24d9b01ba94ae7a4a6c3fb215dc4af1dde817e7498d901e229aaf50e4e",
                "sha256:50af681a36b2a1dee1d3c169ade9fdc59207d3c31e522519181e12f1b3ba7000",
                "sha256:563c649cfdef27d081c84e72a03b48ea9408c16657500c312575ae9d9f7bc1c3",
                "sha256:5989db3b3b34b76c09253deeaf7fbc2707616f130e166996606c284395da3f18",
                "sha256:5a7a7dbff17e66fac9142ae2ecafb719393aaee6a3768c9de2fd425c63b53e21",
                "sha256:5c3e6455341008a054cccee8c5d24481bcfe1acdbc9add30aa95798e95c65621",
                "sha256:5f6ccd3dd0b9739edcf407514016108e2280769c73a85b9e59aa390046dbf08b",
                "sha256:72c99e39d005b793fb7d3d4e660aed6b6281b502e8c1eaf8ee8346023c8e03bc",
                "sha256:78751b33595f7f9511952e7e60ce858c6d64db2e062afb325985ddbd34b5c131",
                "sha256:834ee27348c4aefc20b479335fd422a2c69db55f7d9ab61721ac8cd83eb78882",
                "sha256:8be8d84b7d4f2ba4ffff3665bcd0211318aa632395a1a41553250484a871d454",
                "sha256:950a199911a8d94683a6b10321f9345d5a3a8433ec58b217ace979e18f16e248",
                "sha256:a357fd4f15ee49b4a98b44ec23a34a95f1e00292a139d6015c11f55774ef10de",
                "sha256:a53d27d0c2a0ebd07e395e56a1fbdf75ffedc4a05943daf472af163413ce9598",
                "sha256:acef3d59d47dd85ecf909c359d0fd2c81ed33bdff70216d3956b463e12c38a54",
                "sha256:b38694dcdac990a743aa654037ff1188c7a9801ac3ccc548d3341014bc5ca278",
                "sha256:b9edd0110a77fc321ab090aaa1cfcaba1d8499850a12848b81be2222eab648f6",
                "sha256:c08e95114951dc2090c4a630c2385bef681cacf12636fb0241accdc6b303fd81",
                "sha256:c5518d51a0735b1e6cee1fdce66359f8d2b59c3ca85dc2b0813a8aa86818a030",
                "sha256:c8fd0f1ae9d92b42854b2979024d7597685ce4ada367172ed7c09edf2cef9cb8",
                "sha256:ca3820eb7f7faf7f0aa88de0e54681bddcb46e485beb844fcecbcd1c8bd01689",
                "sha256:cf8b574c7b9aa060c62116d4181f3a1a4e821b2ec5cbfe3775809474113748d4",
                "sha256:d3155d828dec1d43283bd24d3d3e0d9c7c350cdfcc0bd06c0ad1209c1bbc36d0",
                "sha256:f8d6f8db88049a699817fd9178782867bf22283e3813064302ac59f61d95be05",
                "sha256:fd34fbbfbc40628200730bc1febe30631347103fc8d3d4fa012c21ab9c11eca9"
            ],
            "version": "==1.3.1"
        },
        "matplotlib": {
            "hashes": [
                "sha256:2466d4dddeb0f5666fd1e6736cc5287a4f9f7ae6c1a9e0779deff798b28e1d35",
                "sha256:282b3fc8023c4365bad924d1bb442ddc565c2d1635f210b700722776da466ca3",
                "sha256:4bb50ee4755271a2017b070984bcb788d483a8ce3132fab68393d1555b62d4ba",
                "sha256:56d3147714da5c7ac4bc452d041e70e0e0b07c763f604110bd4e2527f320b86d",
                "sha256:7a9baefad265907c6f0b037c8c35a10cf437f7708c27415a5513cf09ac6d6ddd",
                "sha256:aae7d107dc37b4bb72dcc45f70394e6df2e5e92ac4079761aacd0e2ad1d3b1f7",
                "sha256:af14e77829c5b5d5be11858d042d6f2459878f8e296228c7ea13ec1fd308eb68",
                "sha256:c1cf735970b7cd424502719b44288b21089863aaaab099f55e0283a721aaf781",
                "sha256:ce378047902b7a05546b6485b14df77b2ff207a0054e60c10b5680132090c8ee",
                "sha256:d35891a86a4388b6965c2d527b9a9f9e657d9e110b0575ca8a24ba0d4e34b8fc",
                "sha256:e06304686209331f99640642dee08781a9d55c6e32abb45ed54f021f46ccae47",
                "sha256:e20ba7fb37d4647ac38f3c6d8672dd8b62451ee16173a0711b37ba0ce42bf37d",
                "sha256:f4412241e32d0f8d3713b68d3ca6430190a5e8a7c070f1c07d7833d8c5264398",
                "sha256:ffe2f9cdcea1086fc414e82f42271ecf1976700b8edd16ca9d376189c6d93aee"
            ],
            "index": "pypi",
            "version": "==3.2.1"
        },
        "minorminer": {
            "hashes": [
                "sha256:04963c9ce9b1845b1896cff5306b8279f8b0b529435e0f770da1031eb58dcff4",
                "sha256:06b9a4cab1bbbe65ed2da7fe710d8a78e79e35fcc3f77004f1a16852f9a9525b",
                "sha256:10a159cf07f76248961e68a382ad80e7976e6f31feedfe05e6efce38a40d9983",
                "sha256:13f6d6d7f3d586eed0ec8de392560be064dab33050ccb8e793c5e13db0a2fa27",
                "sha256:1c211050724c5a5dcb9c91a5ec6fa929c3b33734ac39bacf5967e53cf5159e46",
                "sha256:1d94ed00405295fb9aa493731b1ea9feb9f78fcb126aed4791b1d31e5c622a3b",
                "sha256:43f601235df70e9344db2bccbcb5fe5ce884ed4f2864955decc404a811ea61a0",
                "sha256:44b3d1f035779945b19641153e8d460fbf934b7a3c0c6740aac423cbf41f511b",
                "sha256:4e26b681f0efa152343e0646e82a88b2e27b5cb46e128dca40800986efa2ab49",
                "sha256:4fe8dfd1754a38632d9fd17ee85698b415c8c721482e59ead08a8eb690d79e06",
                "sha256:5489ac068fb41f2ebfbfbbc2ddaec1f5ffa9cbab9522edd0728ccf1524a7e20d",
                "sha256:59b2b2871be2fca5074ec6bde11b4aeb325a5177bf7133840bca6e1aecc328ce",
                "sha256:5dfa0734ffc7f290a2e37830079afbdc20612e328ad4916ca05a816a8891d49e",
                "sha256:608017e3b06f9d6aba897327daa68434813a303d5168f8ee1610dc1d32fa64b6",
                "sha256:62b5ea272c0e89c4c31518c52eb7a32e41037f5d313d38efd02e2467b1e652ca",
                "sha256:7087817351f598b9721625f40663b3474915745aae83ca5b6d96821f01c1096b",
                "sha256:736816b391d18edb0f7186d321172bbd6b90a435cab2438b3ef44d4199c4921e",
                "sha256:8e5846ccc31aa48ddb40cda3430cf454c1bb13e8f69ad879477c18b970d63d80",
                "sha256:a0755f1ba7046eabc9b2dec333b5da8bb8d9000a4bc3f8ef53751c5dc7bec743",
                "sha256:a313370ec0666da51be830d20634dda3cc6521ec638afac173c1e802983bb700",
                "sha256:a781cb6a64b667be82d31244dd82c03adfd07ac46389471bf8f6301d28d26216",
                "sha256:b02433f15a1d2c9de42ead2cca5ec5ccf597297f969708193c1749b9d47f0c5c",
                "sha256:b02667172eb71a7793ab04689a56f0f3d6488885f5e10deda48d1fd8e2589ae6",
                "sha256:b150f19fbef797346dde9589be3c7b613a0f597813bb3ea1c56b324480a513fe",
                "sha256:c74bfea0d9efe6e32ad64ae3ba0a0a6a40d78eb1c29d0f6ae83e80fcba58d9a2",
                "sha256:e6a44f96d74ef1e2346d4921b677eac7fb41135a49bdc596d12692f6a1eb1e2b",
                "sha256:e7ac7fff57c6e0d36e77218aa66adb89037d2d62e96d71f11332675b4dec8adb",
                "sha256:e7bf9e01b46e0fd05b5c8195131d467519a5c043ab24d0d9fea3cd55b268b62e",
                "sha256:e812df946d1dbe5908ad50cfc1901954bfa140e667cfc02f733b0cdb2ee63eab",
                "sha256:ed3fbc94047dc0e8416c218a98bdaefac088d09dab09a4d27ccb48d2f9d42a65",
                "sha256:f1fcfda85cbef4c2dd17c88414ee24b48c0f71e66525508cb748c4a88f2ad282"
            ],
            "version": "==0.1.9"
        },
        "networkx": {
            "hashes": [
                "sha256:0635858ed7e989f4c574c2328380b452df892ae85084144c73d8cd819f0c4e06",
                "sha256:109cd585cac41297f71103c3c42ac6ef7379f29788eb54cb751be5a663bb235a"
            ],
            "version": "==2.5.1"
        },
        "numpy": {
            "hashes": [
                "sha256:0172304e7d8d40e9e49553901903dc5f5a49a703363ed756796f5808a06fc233",
                "sha256:34e96e9dae65c4839bd80012023aadd6ee2ccb73ce7fdf3074c62f301e63120b",
                "sha256:3676abe3d621fc467c4c1469ee11e395c82b2d6b5463a9454e37fe9da07cd0d7",
                "sha256:3dd6823d3e04b5f223e3e265b4a1eae15f104f4366edd409e5a5e413a98f911f",
                "sha256:4064f53d4cce69e9ac613256dc2162e56f20a4e2d2086b1956dd2fcf77b7fac5",
                "sha256:4674f7d27a6c1c52a4d1aa5f0881f1eff840d2206989bae6acb1c7668c02ebfb",
                "sha256:7d42ab8cedd175b5ebcb39b5208b25ba104842489ed59fbb29356f671ac93583",
                "sha256:965df25449305092b23d5145b9bdaeb0149b6e41a77a7d728b1644b3c99277c1",
                "sha256:9c9d6531bc1886454f44aa8f809268bc481295cf9740827254f53c30104f074a",
                "sha256:a78e438db8ec26d5d9d0e584b27ef25c7afa5a182d1bf4d05e313d2d6d515271",
                "sha256:a7acefddf994af1aeba05bbbafe4ba983a187079f125146dc5859e6d817df824",
                "sha256:a87f59508c2b7ceb8631c20630118cc546f1f815e034193dc72390db038a5cb3",
                "sha256:ac792b385d81151bae2a5a8adb2b88261ceb4976dbfaaad9ce3a200e036753dc",
                "sha256:b03b2c0badeb606d1232e5f78852c102c0a7989d3a534b3129e7856a52f3d161",
                "sha256:b39321f1a74d1f9183bf1638a745b4fd6fe80efbb1f6b32b932a588b4bc7695f",
                "sha256:cae14a01a159b1ed91a324722d746523ec757357260c6804d11d6147a9e53e3f",
                "sha256:cd49930af1d1e49a812d987c2620ee63965b619257bd76eaaa95870ca08837cf",
                "sha256:e15b382603c58f24265c9c931c9a45eebf44fe2e6b4eaedbb0d025ab3255228b",
                "sha256:e91d31b34fc7c2c8f756b4e902f901f856ae53a93399368d9a0dc7be17ed2ca0",
                "sha256:ef627986941b5edd1ed74ba89ca43196ed197f1a206a3f18cc9faf2fb84fd675",
                "sha256:f718a7949d1c4f622ff548c572e0c03440b49b9531ff00e4ed5738b459f011e8"
            ],
            "index": "pypi",
            "version": "==1.18.5"
        },
        "ortools": {
            "hashes": [
                "sha256:05273768c38b603e4605ef5ee2beb80f877f0b7a2cc59639a2d4c5d877c659db",
                "sha256:200eea97fd5ca524cbcb2a54cacde3da0df47061a0e048ab4f34ccdb9633aef5",
                "sha256:271ab0cad19c598f83877ea8b37484a3f87aacc741ac0cf56ad9900965c9f041",
                "sha256:2a1f0095989b8e4dfe40e0c806b4a7f51e5a42806fdac1b2750aecb2d424626e",
                "sha256:2dc97b706f618c019997c4441ad47a3fca99f8cb76af25e169bfdda5dd767695",
                "sha256:4ad95879c30863f9a753c8bf6388a316d92e0ba4b6c73dbad1d81f37c011b2ac",
                "sha256:8984b89437effb070ac030335f3ffa300da5a403c92c09454759739a0252aa86",
                "sha256:be2969390a8d13a13fc3e6aedfc90e19df344f916e4db050200df3c489fdb05b",
                "sha256:c6c99da57d1921eb248bc4f188be724e6783ee05a2cc37b04d4658d5643f7ae6",
                "sha256:d26d0bb5ab1427b7b95278a82ca951798bcb12abd44128e2f9de3640b5e26c0f"
            ],
            "index": "pypi",
            "version": "==7.6.7691"
        },
        "pandas": {
            "hashes": [
                "sha256:034185bb615dc96d08fa13aacba8862949db19d5e7804d6ee242d086f07bcc46",
                "sha256:0c9b7f1933e3226cc16129cf2093338d63ace5c85db7c9588e3e1ac5c1937ad5",
                "sha256:1f6fcf0404626ca0475715da045a878c7062ed39bc859afc4ccf0ba0a586a0aa",
                "sha256:1fc963ba33c299973e92d45466e576d11f28611f3549469aec4a35658ef9f4cc",
                "sha256:29b4cfee5df2bc885607b8f016e901e63df7ffc8f00209000471778f46cc6678",
                "sha256:2a8b6c28607e3f3c344fe3e9b3cd76d2bf9f59bc8c0f2e582e3728b80e1786dc",
                "sha256:2bc2ff52091a6ac481cc75d514f06227dc1b10887df1eb72d535475e7b825e31",
                "sha256:415e4d52fcfd68c3d8f1851cef4d947399232741cc994c8f6aa5e6a9f2e4b1d8",
                "sha256:519678882fd0587410ece91e3ff7f73ad6ded60f6fcb8aa7bcc85c1dc20ecac6",
                "sha256:51e0abe6e9f5096d246232b461649b0aa627f46de8f6344597ca908f2240cbaa",
                "sha256:698e26372dba93f3aeb09cd7da2bb6dd6ade248338cfe423792c07116297f8f4",
                "sha256:83af85c8e539a7876d23b78433d90f6a0e8aa913e37320785cf3888c946ee874",
                "sha256:982cda36d1773076a415ec62766b3c0a21cdbae84525135bdb8f460c489bb5dd",
                "sha256:a647e44ba1b3344ebc5991c8aafeb7cca2b930010923657a273b41d86ae225c4",
                "sha256:b35d625282baa7b51e82e52622c300a1ca9f786711b2af7cbe64f1e6831f4126",
                "sha256:bab51855f8b318ef39c2af2c11095f45a10b74cbab4e3c8199efcc5af314c648"
            ],
            "index": "pypi",
            "version": "==1.0.4"
        },
        "plucky": {
            "hashes": [
                "sha256:5bc75d43ae6b40f1b7ba42000b37e4934fa6bd2d6a6cd4e47461f803a404c194",
                "sha256:a358878f3e45b5e51d0b4e5b5c89d704422a72c2cf8ee9aaf9acedfa53f89105"
            ],
            "version": "==0.4.3"
        },
        "protobuf": {
            "hashes": [
                "sha256:0f237c1e84e46747397a3e8173edb3116e81163b2878fc944a5193b05876eaee",
                "sha256:1fcace96670b8512e805d6e275bd59b860967a7648e05cfad35ec1e7c03d7262",
                "sha256:25bc4f1c23aced9b3a9e70eef7f03e63bcbd6cfbd881a91b5688412dce8992e1",
                "sha256:27c7c933b838a0837eb1f429e7994310ee8577a7b69abc38e84d5db97a2650a2",
                "sha256:2a88be54fce118d69f083b847554afd1852053c0869bdac396678ec9ec6a94d5",
                "sha256:2c6ad26f079301bcf9f1b5d5b4b2dbac0e2e7c0111c6fbecf94f558952c78ee0",
                "sha256:36d306dda3c159a5fe0025ba0e9728aac00dd69523dd12ee3fb7b1717cd80e7d",
                "sha256:40bf764b63f06a816b1c079f7718184fdd8dbfd9dad3cd1a446382492ca00b3e",
                "sha256:437d4681160ac5310457c4dc8ab973ec56769a236c479393c53fa71a26dfb38f",
                "sha256:4ef4865ee740d5b45adfc96481adf1fcbfbb454bd51b86f4c4a5065262d0b08b",
                "sha256:5057744a363d65d2780dc01fa751bb14e860c507b2598b22af241aabb28a0ae9",
                "sha256:6e48c9b26d8e262331c79b208c4bf6b499a71912b1213d77b63c5ca248fc2a4e",
                "sha256:762faa8873d0569466cf66128bdbadd5e500600bdf2f87cf039493ed9d2725b6",
                "sha256:8a509097ba25452c9b44198843b0df67f921bd36f37adcbcfaaf6ee5cbe09132",
                "sha256:94be4d5c2ba372ff159b2cc804d274acbaa7ebf361966f5619f99880c7c09a3c",
                "sha256:a15898d88307dba0363767b30960396a2dec74b8ffe7bcb4e885312a569eda3f",
                "sha256:ad17d3dd80f3377fc70a9dd677ec51231a892f9f65783cf7d2d24ee381f0feca",
                "sha256:ad8cdbc594c886483970ac274b5af98483b272e873b7c5dac60aa3a7222301b3",
                "sha256:b92f95994ff27a6992ea2cf3f369476ad0065986eb00252b760d0bc55c5454a8",
                "sha256:c1631570af7aae611f1cd7c6918fe4a7154507169ef30e8c5f380eba36ee2659",
                "sha256:cbd132f0aa7180f099d3c47fecfbcdca1590ef3b7da8346146192ba580c9b24e",
                "sha256:d06ef0f7873e04e2d1a2bfa0701d063e4dde5242b2946c6f071a442e4cb3be0b",
                "sha256:fea786428b34385b073ef619d896282889b432b87dc043c0b815c72d35d64025"
            ],
            "version": "==3.17.1"
        },
        "pyparsing": {
            "hashes": [
                "sha256:c203ec8783bf771a155b207279b9bccb8dea02d8f0c9e5f8ead507bc3246ecc1",
                "sha256:ef9d7589ef3c200abe66653d3f1ab1033c3c419ae9b9bdb1240a85b024efc88b"
            ],
            "version": "==2.4.7"
        },
        "pysocks": {
            "hashes": [
                "sha256:08e69f092cc6dbe92a0fdd16eeb9b9ffbc13cadfe5ca4c7bd92ffb078b293299",
                "sha256:2725bd0a9925919b9b51739eea5f9e2bae91e83288108a9ad338b2e3a4435ee5",
                "sha256:3f8804571ebe159c380ac6de37643bb4685970655d3bba243530d6558b799aa0"
            ],
            "version": "==1.7.1"
        },
        "python-dateutil": {
            "hashes": [
                "sha256:73ebfe9dbf22e832286dafa60473e4cd239f8592f699aa5adaf10050e6e1823c",
                "sha256:75bb3f31ea686f1197762692a9ee6a7550b59fc6ca3a1f4b5d7e32fb98e2da2a"
            ],
            "version": "==2.8.1"
        },
        "pytz": {
            "hashes": [
                "sha256:83a4a90894bf38e243cf052c8b58f381bfe9a7a483f6a9cab140bc7f702ac4da",
                "sha256:eb10ce3e7736052ed3623d49975ce333bcd712c7bb19a58b9e2089d4057d0798"
            ],
            "version": "==2021.1"
        },
        "requests": {
            "extras": [
                "socks"
            ],
            "hashes": [
                "sha256:27973dd4a904a4f13b263a19c866c13b92a39ed1c964655f025f3f8d3d75b804",
                "sha256:c210084e36a42ae6b9219e00e48287def368a26d03a048ddad7bfee44f75871e"
            ],
            "version": "==2.25.1"
        },
        "scipy": {
            "hashes": [
                "sha256:00af72998a46c25bdb5824d2b729e7dabec0c765f9deb0b504f928591f5ff9d4",
                "sha256:0902a620a381f101e184a958459b36d3ee50f5effd186db76e131cbefcbb96f7",
                "sha256:1e3190466d669d658233e8a583b854f6386dd62d655539b77b3fa25bfb2abb70",
                "sha256:2cce3f9847a1a51019e8c5b47620da93950e58ebc611f13e0d11f4980ca5fecb",
                "sha256:3092857f36b690a321a662fe5496cb816a7f4eecd875e1d36793d92d3f884073",
                "sha256:386086e2972ed2db17cebf88610aab7d7f6e2c0ca30042dc9a89cf18dcc363fa",
                "sha256:71eb180f22c49066f25d6df16f8709f215723317cc951d99e54dc88020ea57be",
                "sha256:770254a280d741dd3436919d47e35712fb081a6ff8bafc0f319382b954b77802",
                "sha256:787cc50cab3020a865640aba3485e9fbd161d4d3b0d03a967df1a2881320512d",
                "sha256:8a07760d5c7f3a92e440ad3aedcc98891e915ce857664282ae3c0220f3301eb6",
                "sha256:8d3bc3993b8e4be7eade6dcc6fd59a412d96d3a33fa42b0fa45dc9e24495ede9",
                "sha256:9508a7c628a165c2c835f2497837bf6ac80eb25291055f56c129df3c943cbaf8",
                "sha256:a144811318853a23d32a07bc7fd5561ff0cac5da643d96ed94a4ffe967d89672",
                "sha256:a1aae70d52d0b074d8121333bc807a485f9f1e6a69742010b33780df2e60cfe0",
                "sha256:a2d6df9eb074af7f08866598e4ef068a2b310d98f87dc23bd1b90ec7bdcec802",
                "sha256:bb517872058a1f087c4528e7429b4a44533a902644987e7b2fe35ecc223bc408",
                "sha256:c5cac0c0387272ee0e789e94a570ac51deb01c796b37fb2aad1fb13f85e2f97d",
                "sha256:cc971a82ea1170e677443108703a2ec9ff0f70752258d0e9f5433d00dda01f59",
                "sha256:dba8306f6da99e37ea08c08fef6e274b5bf8567bb094d1dbe86a20e532aca088",
                "sha256:dc60bb302f48acf6da8ca4444cfa17d52c63c5415302a9ee77b3b21618090521",
                "sha256:dee1bbf3a6c8f73b6b218cb28eed8dd13347ea2f87d572ce19b289d6fd3fbc59"
            ],
            "index": "pypi",
            "version": "==1.4.1"
        },
        "six": {
            "hashes": [
                "sha256:1e61c37477a1626458e36f7b1d82aa5c9b094fa4802892072e49de9c60c4c926",
                "sha256:8abb2f1d86890a2dfb989f9a77cfcfd3e47c2a354b01111771326f8aa26e0254"
            ],
            "version": "==1.16.0"
        },
        "tqdm": {
            "hashes": [
                "sha256:07c06493f1403c1380b630ae3dcbe5ae62abcf369a93bbc052502279f189ab8c",
                "sha256:cd140979c2bebd2311dfb14781d8f19bd5a9debb92dcab9f6ef899c987fcf71f"
            ],
            "index": "pypi",
            "version": "==4.46.1"
        },
        "urllib3": {
            "hashes": [
                "sha256:753a0374df26658f99d826cfe40394a686d05985786d946fbe4165b5148f5a7c",
                "sha256:a7acd0977125325f516bda9735fa7142b909a8d01e8b2e4c8108d0984e6e0098"
            ],
            "index": "pypi",
            "version": "==1.26.5"
        }
    },
    "develop": {}
}
