{
    "_meta": {
        "hash": {
            "sha256": "5deba4cbfe6a069db241567bb2a274cafc83adaf2ad7bf42b2b5ef44ded6dfc2"
        },
        "pipfile-spec": 6,
        "requires": {
            "python_version": "3.8"
        },
        "sources": [
            {
                "name": "pypi",
                "url": "https://pypi.org/simple",
                "verify_ssl": true
            }
        ]
    },
    "default": {
        "certifi": {
            "hashes": [
                "sha256:1d987a998c75633c40847cc966fcf5904906c920a7f17ef374f5aa4282abd304",
                "sha256:51fcb31174be6e6664c5f69e3e1691a2d72a1a12e90f872cbdb1567eb47b6519"
            ],
            "version": "==2020.4.5.1"
        },
        "chardet": {
            "hashes": [
                "sha256:84ab92ed1c4d4f16916e05906b6b75a6c0fb5db821cc65e70cbd64a3e2a5eaae",
                "sha256:fc323ffcaeaed0e0a02bf4d117757b98aed530d9ed4531e3e15460124c106691"
            ],
            "version": "==3.0.4"
        },
        "click": {
            "hashes": [
                "sha256:d2b5255c7c6349bc1bd1e59e08cd12acbbd63ce649f2588755783aa94dfb6b1a",
                "sha256:dacca89f4bfadd5de3d7489b7c8a566eee0d3676333fbb50030263894c38c0dc"
            ],
            "version": "==7.1.2"
        },
        "cycler": {
            "hashes": [
                "sha256:1d8a5ae1ff6c5cf9b93e8811e581232ad8920aeec647c37316ceac982b08cb2d",
                "sha256:cd7b2d1018258d7247a71425e9f26463dfb444d411c39569972f4ce586b0c9d8"
            ],
            "version": "==0.10.0"
        },
        "decorator": {
            "hashes": [
                "sha256:41fa54c2a0cc4ba648be4fd43cff00aedf5b9465c9bf18d64325bc225f08f760",
                "sha256:e3a62f0520172440ca0dcc823749319382e377f37f140a0b99ef45fecb84bfe7"
            ],
            "version": "==4.4.2"
        },
        "dimod": {
            "hashes": [
                "sha256:15280a53500ee99c2782a8fdc7ae867c8306f1dae97fd25b057e6fda9fcf2b5c",
                "sha256:23e7a880d53b3c8346e50a7b26767a31159272aa508cbaa6bac194988d0696ae",
                "sha256:2ca5150ad6afefe6f1daed4fb1dd80f048ceb6a8c15c622f18c6c85162bc41d8",
                "sha256:3307e4969de962350824f6167b9ea75f92328283d06adf72509e7fb818249ef9",
                "sha256:3756f963ba1ab8d092f32366dbe5485c0d0c9c6eea00e2b2ed0eb4aeffd4b066",
                "sha256:37cd9913def7be4b360c7217eae01018f6839639c20ccfe1146de98673f84835",
                "sha256:4bf3a238bcdeacb9805fb082a2214a905b2eb09ca860eab7ac1bd66d7de6e1f0",
                "sha256:4c73bf440059d68827d4372eaa3b57c502f0439eff2dfc84bd5ac56deb66edf9",
                "sha256:55c934f5f3046e103c0f385f0e44170c7edafff8deaaa81c92b256d0c107dbdf",
                "sha256:69769f6e0bf81c1d46dc7bb82371f42c5e6d8705167e3b00e56b09c5bd5382ec",
                "sha256:6a345101a5dffcbe1bd125b3b627553e39bd69cc837222319c21283a53045edb",
                "sha256:6b86efebc3c1b481ebfedac6cc7da5fdd2d1b8ba3e960d66984a91003b81370c",
                "sha256:774f50f0c6d9734eda1fb534eab46d8c6889b46f143ffd77093ee7a03b996259",
                "sha256:84fce1bc3930ed9c2283f944d60fd84d6ec89ae6af385ef6aaced062aecf3f81",
                "sha256:8c5d52664449cf78aad48119947d8ce8f448158637306f9484ffac45bc3a9f54",
                "sha256:a84dc7e079f87731b460c58f265815abf4ab24b2267bd7b3e01227c8eabdef91",
                "sha256:b052d79013eafeb200db1f94e75c1a82e36ca4d9fd71dc2d73e1fd39d6b2dee0",
                "sha256:bb95f4be5924926c66d4691604375e7684263856267b0c6f8679da00fe4f0d75",
                "sha256:d9fc7e349c132cac7bba7e7b3a181ae99d3ca1387b7efabecba9c9024dd72c0b",
                "sha256:f28b0a0043f4f7ab90b692a88ab04131cf46abf1b2c26594cd2c7bb7c4ac622d",
                "sha256:f60edbc1d5b6832a3b1fd45a9f1139a3e9e7fe4dace5ac1d5c0179acdda6b8f4"
            ],
            "version": "==0.9.2"
        },
        "dwave-cloud-client": {
            "hashes": [
                "sha256:0ed98177eeeb0f60ababe6d1f33140ca0237f5b381506f767b6e0385583f555e",
                "sha256:f8228d61c48ecd322f2426457902277915cbab7d0250c857c0d5265136084e8b"
            ],
            "version": "==0.7.2"
        },
        "dwave-networkx": {
            "hashes": [
                "sha256:2b6fd2c47e348f6326312184a8f2d87bd2288a10e4f27164aa09f4ac7bf78c39",
                "sha256:611bac379bad6cdae84e1796774b398f0184e0ac8ed7293d3ccb41af5ed0cca0"
            ],
            "version": "==0.8.6"
        },
        "dwave-qbsolv": {
            "hashes": [
                "sha256:02e98593b3ce27ce21bd67011d2f874f8176c7a5121db11c54713bf20166f770",
                "sha256:070a41a7a911d74ecbf0ace56eb01a1dfbfc73649358419de96a5d256e550ef6",
                "sha256:0d47786e1d3ec41affee0e55b12fb93ee8884d0baad506f51b46a24a2ad88a8a",
                "sha256:26e9475caf4e6ac9e9b8f08b1830dba2d28be0c77fe048edccb72b3e3118e9c6",
                "sha256:33c6da020bb1f4d90aa2c4cc69a55d5129d5075f9864aade63d17411e32c657e",
                "sha256:3ec6a7e44682b7ef421f2e759a1b908392607c1cd5d6ddc942e0b958569d1de8",
                "sha256:4bce0268d9744449f06393edf4bd2dc5562a3c0de9e1e136a927e00197982ff2",
                "sha256:645cb779d83be26c09f27e42cd69cc589f46c61122458e458832dab5f1bd67d7",
                "sha256:7a4f7ef133d0cd0c04b0deb97d235c92aa5ad416db345fa80613080f0a0bc180",
                "sha256:8bd0f749a01bd5f0e83744c64f049168fb21837e1e580ae13633d8a76de4df55",
                "sha256:952cd8492634e55496fdab777257fa93f9c76332314b40fd4300e621cf39c348",
                "sha256:9b2505f1d79fbbb21ddfde37854a7049558bc16dcd8ec6c1a31a9c59292090d5",
                "sha256:9d1a87476f0e395420cfdbddaf191dd7f632789955a32a8b65b184e4fc52ae4b",
                "sha256:a2aa6d856ca7bed1655c3be0f0ae12c5f66aec5a360d5acf854f639dfb9c75b3",
                "sha256:bd4b6eb36b4c388d7c3a21bbb1280e772b75a7313327d3bd5473caf4d29b8161",
                "sha256:ceb7081b90f875317f95a632b84440c2d02160f120a02685f043b18875e99e43",
                "sha256:d01cd9c831290de269e69813c93ca547aa5a368bde928bf30d2e6c0cf122f0a7",
                "sha256:db69902e2eb845923fa1d3785279148b6a04790e44f4f233797fe99e8c9187a1",
                "sha256:f1f95622a993daea224d6bd4607d8362a108326854a1233187c11877e9f25f23",
                "sha256:f44cc1a9d00ee8f9b63256a8e5ae16317ed9c526b792171d8a473f50339d9cff",
                "sha256:f46a0e782d958b4cbb7d8c04af50b4e753e9a4968623a2941735ecdf5c88e76b"
            ],
            "index": "pypi",
            "version": "==0.3.0"
        },
        "dwave-system": {
            "hashes": [
                "sha256:cd579fb1fd18003f21d255f22929e560a40fdcd722e47d6dd6385bd9760cedb3",
                "sha256:e2f34a6db0f6e7d819a60e506f37569e542673d75edba37012734adc4ca47e59"
            ],
            "index": "pypi",
            "version": "==0.9.5"
        },
        "dwave-tabu": {
            "hashes": [
                "sha256:1935175718051191a81e0a114e39ceed41decb33269dd53ec1a2ecf308624d9d",
                "sha256:36d777e6af41f9eea2c22fd1cf6a63bb2c7615a53e4cbc0ebb6ea32744b21072",
                "sha256:39f279d7d7a3439474f6ecee9c9f6a827c0559cd86f2e1f37afb58530deff33c",
                "sha256:3f0ab7cb1b703e504500b2e7dd0706a8a44a2c57178b531a503c840aed29565a",
                "sha256:597fdf75e580deeddcb5f780e2500f212978367ca916caebc6e8be70808bbebc",
                "sha256:73ef7cddf61764d9df180de80e08893287845d0fc5c9f0fe31d140ed79ec0982",
                "sha256:915aee2a21675e9580ae3dbc328de765e9d7c78e2e6db37036f8ba8c6830cf5e",
                "sha256:98b41930b53f1842c0eb84079d3ca417578729ede658d2ae09e67a408d1423c1",
                "sha256:a0ef3add90a940f0910c2f9dfcf0b7d6a38ec9d77b395ae824580a5b5cd8b596",
                "sha256:a0faa7448550a936a6ccaebbc01f9ff3d133fd933e6231f35c67a11ca97b09c0",
                "sha256:b1117be71baf2f5bc6f2b36183e099c663229ef4a6a7035e8b153ea5103a62f7",
                "sha256:b3ec6cd6a811f8de0f3a061c0d2095af75b9ffb2bf660bbdfc4daa3d4242be45",
                "sha256:b4f0f13fdb0362456613c2d3ebfcb783233273de86b1661bd92191b6627a80ba",
                "sha256:bf76a502b16746f07829a8ccb7ddef1704361396aa815c0a6fb887f6ac9cd6af",
                "sha256:c53021fba403c45f4b5ef219997448539e0809a914486f1a0d315fa561ae3086",
                "sha256:ca6d8d332c120dc209f3b026ba699fa39829c0708372a62cd9f57002309641d6",
                "sha256:cc416bb3916c58317eac6ec01a532c5768b7755ea9ad02b95b7b3507b1eacf73",
                "sha256:ceeb864f656f5911ace223e6b41838d4509b01e7ce411bf614254ec213412a29",
                "sha256:cf6c2dd79d25e2cadead0ee938f737930421dd3c3211c143ad7307ab6573f0ee",
                "sha256:e0ff837d120aa835b79366dc9e322d2b253b11b524e31f7cdb5ae2df6bef2ab8",
                "sha256:f733440c0b3e5357ac7d33bcb6674ce40bcfe7fda73ffcbe4b7ce30fabbc6160"
            ],
            "version": "==0.3.0"
        },
        "homebase": {
            "hashes": [
                "sha256:9ee008df4298b420852d815e6df488822229c4bd8d571bcd0a454e04232c635e",
                "sha256:d64c97f60a8ddd94ce8702bac65ed5d1996aca01a17d1e53e6ad5149e2f8b5b5"
            ],
            "version": "==1.0.1"
        },
        "idna": {
            "hashes": [
                "sha256:7588d1c14ae4c77d74036e8c22ff447b26d0fde8f007354fd48a7814db15b7cb",
                "sha256:a068a21ceac8a4d63dbfd964670474107f541babbd2250d61922f029858365fa"
            ],
            "version": "==2.9"
        },
        "kiwisolver": {
            "hashes": [
                "sha256:03662cbd3e6729f341a97dd2690b271e51a67a68322affab12a5b011344b973c",
                "sha256:18d749f3e56c0480dccd1714230da0f328e6e4accf188dd4e6884bdd06bf02dd",
                "sha256:247800260cd38160c362d211dcaf4ed0f7816afb5efe56544748b21d6ad6d17f",
                "sha256:443c2320520eda0a5b930b2725b26f6175ca4453c61f739fef7a5847bd262f74",
                "sha256:4eadb361baf3069f278b055e3bb53fa189cea2fd02cb2c353b7a99ebb4477ef1",
                "sha256:556da0a5f60f6486ec4969abbc1dd83cf9b5c2deadc8288508e55c0f5f87d29c",
                "sha256:603162139684ee56bcd57acc74035fceed7dd8d732f38c0959c8bd157f913fec",
                "sha256:60a78858580761fe611d22127868f3dc9f98871e6fdf0a15cc4203ed9ba6179b",
                "sha256:7cc095a4661bdd8a5742aaf7c10ea9fac142d76ff1770a0f84394038126d8fc7",
                "sha256:c31bc3c8e903d60a1ea31a754c72559398d91b5929fcb329b1c3a3d3f6e72113",
                "sha256:c955791d80e464da3b471ab41eb65cf5a40c15ce9b001fdc5bbc241170de58ec",
                "sha256:d069ef4b20b1e6b19f790d00097a5d5d2c50871b66d10075dab78938dc2ee2cf",
                "sha256:d52b989dc23cdaa92582ceb4af8d5bcc94d74b2c3e64cd6785558ec6a879793e",
                "sha256:e586b28354d7b6584d8973656a7954b1c69c93f708c0c07b77884f91640b7657",
                "sha256:efcf3397ae1e3c3a4a0a0636542bcad5adad3b1dd3e8e629d0b6e201347176c8",
                "sha256:fccefc0d36a38c57b7bd233a9b485e2f1eb71903ca7ad7adacad6c28a56d62d2"
            ],
            "version": "==1.2.0"
        },
        "matplotlib": {
            "hashes": [
                "sha256:2466d4dddeb0f5666fd1e6736cc5287a4f9f7ae6c1a9e0779deff798b28e1d35",
                "sha256:282b3fc8023c4365bad924d1bb442ddc565c2d1635f210b700722776da466ca3",
                "sha256:4bb50ee4755271a2017b070984bcb788d483a8ce3132fab68393d1555b62d4ba",
                "sha256:56d3147714da5c7ac4bc452d041e70e0e0b07c763f604110bd4e2527f320b86d",
                "sha256:7a9baefad265907c6f0b037c8c35a10cf437f7708c27415a5513cf09ac6d6ddd",
                "sha256:aae7d107dc37b4bb72dcc45f70394e6df2e5e92ac4079761aacd0e2ad1d3b1f7",
                "sha256:af14e77829c5b5d5be11858d042d6f2459878f8e296228c7ea13ec1fd308eb68",
                "sha256:c1cf735970b7cd424502719b44288b21089863aaaab099f55e0283a721aaf781",
                "sha256:ce378047902b7a05546b6485b14df77b2ff207a0054e60c10b5680132090c8ee",
                "sha256:d35891a86a4388b6965c2d527b9a9f9e657d9e110b0575ca8a24ba0d4e34b8fc",
                "sha256:e06304686209331f99640642dee08781a9d55c6e32abb45ed54f021f46ccae47",
                "sha256:e20ba7fb37d4647ac38f3c6d8672dd8b62451ee16173a0711b37ba0ce42bf37d",
                "sha256:f4412241e32d0f8d3713b68d3ca6430190a5e8a7c070f1c07d7833d8c5264398",
                "sha256:ffe2f9cdcea1086fc414e82f42271ecf1976700b8edd16ca9d376189c6d93aee"
            ],
            "index": "pypi",
            "version": "==3.2.1"
        },
        "minorminer": {
            "hashes": [
                "sha256:04963c9ce9b1845b1896cff5306b8279f8b0b529435e0f770da1031eb58dcff4",
                "sha256:06b9a4cab1bbbe65ed2da7fe710d8a78e79e35fcc3f77004f1a16852f9a9525b",
                "sha256:10a159cf07f76248961e68a382ad80e7976e6f31feedfe05e6efce38a40d9983",
                "sha256:13f6d6d7f3d586eed0ec8de392560be064dab33050ccb8e793c5e13db0a2fa27",
                "sha256:1c211050724c5a5dcb9c91a5ec6fa929c3b33734ac39bacf5967e53cf5159e46",
                "sha256:1d94ed00405295fb9aa493731b1ea9feb9f78fcb126aed4791b1d31e5c622a3b",
                "sha256:43f601235df70e9344db2bccbcb5fe5ce884ed4f2864955decc404a811ea61a0",
                "sha256:44b3d1f035779945b19641153e8d460fbf934b7a3c0c6740aac423cbf41f511b",
                "sha256:4e26b681f0efa152343e0646e82a88b2e27b5cb46e128dca40800986efa2ab49",
                "sha256:4fe8dfd1754a38632d9fd17ee85698b415c8c721482e59ead08a8eb690d79e06",
                "sha256:5489ac068fb41f2ebfbfbbc2ddaec1f5ffa9cbab9522edd0728ccf1524a7e20d",
                "sha256:59b2b2871be2fca5074ec6bde11b4aeb325a5177bf7133840bca6e1aecc328ce",
                "sha256:5dfa0734ffc7f290a2e37830079afbdc20612e328ad4916ca05a816a8891d49e",
                "sha256:608017e3b06f9d6aba897327daa68434813a303d5168f8ee1610dc1d32fa64b6",
                "sha256:62b5ea272c0e89c4c31518c52eb7a32e41037f5d313d38efd02e2467b1e652ca",
                "sha256:7087817351f598b9721625f40663b3474915745aae83ca5b6d96821f01c1096b",
                "sha256:736816b391d18edb0f7186d321172bbd6b90a435cab2438b3ef44d4199c4921e",
                "sha256:8e5846ccc31aa48ddb40cda3430cf454c1bb13e8f69ad879477c18b970d63d80",
                "sha256:a0755f1ba7046eabc9b2dec333b5da8bb8d9000a4bc3f8ef53751c5dc7bec743",
                "sha256:a313370ec0666da51be830d20634dda3cc6521ec638afac173c1e802983bb700",
                "sha256:a781cb6a64b667be82d31244dd82c03adfd07ac46389471bf8f6301d28d26216",
                "sha256:b02433f15a1d2c9de42ead2cca5ec5ccf597297f969708193c1749b9d47f0c5c",
                "sha256:b02667172eb71a7793ab04689a56f0f3d6488885f5e10deda48d1fd8e2589ae6",
                "sha256:b150f19fbef797346dde9589be3c7b613a0f597813bb3ea1c56b324480a513fe",
                "sha256:c74bfea0d9efe6e32ad64ae3ba0a0a6a40d78eb1c29d0f6ae83e80fcba58d9a2",
                "sha256:e6a44f96d74ef1e2346d4921b677eac7fb41135a49bdc596d12692f6a1eb1e2b",
                "sha256:e7ac7fff57c6e0d36e77218aa66adb89037d2d62e96d71f11332675b4dec8adb",
                "sha256:e7bf9e01b46e0fd05b5c8195131d467519a5c043ab24d0d9fea3cd55b268b62e",
                "sha256:e812df946d1dbe5908ad50cfc1901954bfa140e667cfc02f733b0cdb2ee63eab",
                "sha256:ed3fbc94047dc0e8416c218a98bdaefac088d09dab09a4d27ccb48d2f9d42a65",
                "sha256:f1fcfda85cbef4c2dd17c88414ee24b48c0f71e66525508cb748c4a88f2ad282"
            ],
            "version": "==0.1.9"
        },
        "networkx": {
            "hashes": [
                "sha256:cdfbf698749a5014bf2ed9db4a07a5295df1d3a53bf80bf3cbd61edf9df05fa1",
                "sha256:f8f4ff0b6f96e4f9b16af6b84622597b5334bf9cae8cf9b2e42e7985d5c95c64"
            ],
            "version": "==2.4"
        },
        "numpy": {
            "hashes": [
                "sha256:00d7b54c025601e28f468953d065b9b121ddca7fff30bed7be082d3656dd798d",
                "sha256:02ec9582808c4e48be4e93cd629c855e644882faf704bc2bd6bbf58c08a2a897",
                "sha256:0e6f72f7bb08f2f350ed4408bb7acdc0daba637e73bce9f5ea2b207039f3af88",
                "sha256:1be2e96314a66f5f1ce7764274327fd4fb9da58584eaff00b5a5221edefee7d6",
                "sha256:2466fbcf23711ebc5daa61d28ced319a6159b260a18839993d871096d66b93f7",
                "sha256:2b573fcf6f9863ce746e4ad00ac18a948978bb3781cffa4305134d31801f3e26",
                "sha256:3f0dae97e1126f529ebb66f3c63514a0f72a177b90d56e4bce8a0b5def34627a",
                "sha256:50fb72bcbc2cf11e066579cb53c4ca8ac0227abb512b6cbc1faa02d1595a2a5d",
                "sha256:57aea170fb23b1fd54fa537359d90d383d9bf5937ee54ae8045a723caa5e0961",
                "sha256:709c2999b6bd36cdaf85cf888d8512da7433529f14a3689d6e37ab5242e7add5",
                "sha256:7d59f21e43bbfd9a10953a7e26b35b6849d888fc5a331fa84a2d9c37bd9fe2a2",
                "sha256:904b513ab8fbcbdb062bed1ce2f794ab20208a1b01ce9bd90776c6c7e7257032",
                "sha256:96dd36f5cdde152fd6977d1bbc0f0561bccffecfde63cd397c8e6033eb66baba",
                "sha256:9933b81fecbe935e6a7dc89cbd2b99fea1bf362f2790daf9422a7bb1dc3c3085",
                "sha256:bbcc85aaf4cd84ba057decaead058f43191cc0e30d6bc5d44fe336dc3d3f4509",
                "sha256:dccd380d8e025c867ddcb2f84b439722cf1f23f3a319381eac45fd077dee7170",
                "sha256:e22cd0f72fc931d6abc69dc7764484ee20c6a60b0d0fee9ce0426029b1c1bdae",
                "sha256:ed722aefb0ebffd10b32e67f48e8ac4c5c4cf5d3a785024fdf0e9eb17529cd9d",
                "sha256:efb7ac5572c9a57159cf92c508aad9f856f1cb8e8302d7fdb99061dbe52d712c",
                "sha256:efdba339fffb0e80fcc19524e4fdbda2e2b5772ea46720c44eaac28096d60720",
                "sha256:f22273dd6a403ed870207b853a856ff6327d5cbce7a835dfa0645b3fc00273ec"
            ],
            "index": "pypi",
            "version": "==1.18.4"
        },
        "ortools": {
            "hashes": [
                "sha256:05273768c38b603e4605ef5ee2beb80f877f0b7a2cc59639a2d4c5d877c659db",
                "sha256:200eea97fd5ca524cbcb2a54cacde3da0df47061a0e048ab4f34ccdb9633aef5",
                "sha256:271ab0cad19c598f83877ea8b37484a3f87aacc741ac0cf56ad9900965c9f041",
                "sha256:2a1f0095989b8e4dfe40e0c806b4a7f51e5a42806fdac1b2750aecb2d424626e",
                "sha256:2dc97b706f618c019997c4441ad47a3fca99f8cb76af25e169bfdda5dd767695",
                "sha256:4ad95879c30863f9a753c8bf6388a316d92e0ba4b6c73dbad1d81f37c011b2ac",
                "sha256:8984b89437effb070ac030335f3ffa300da5a403c92c09454759739a0252aa86",
                "sha256:be2969390a8d13a13fc3e6aedfc90e19df344f916e4db050200df3c489fdb05b",
                "sha256:c6c99da57d1921eb248bc4f188be724e6783ee05a2cc37b04d4658d5643f7ae6",
                "sha256:d26d0bb5ab1427b7b95278a82ca951798bcb12abd44128e2f9de3640b5e26c0f"
            ],
            "index": "pypi",
            "version": "==7.6.7691"
        },
        "plucky": {
            "hashes": [
                "sha256:5bc75d43ae6b40f1b7ba42000b37e4934fa6bd2d6a6cd4e47461f803a404c194",
                "sha256:a358878f3e45b5e51d0b4e5b5c89d704422a72c2cf8ee9aaf9acedfa53f89105"
            ],
            "version": "==0.4.3"
        },
        "protobuf": {
            "hashes": [
                "sha256:304e08440c4a41a0f3592d2a38934aad6919d692bb0edfb355548786728f9a5e",
                "sha256:49ef8ab4c27812a89a76fa894fe7a08f42f2147078392c0dee51d4a444ef6df5",
                "sha256:50b5fee674878b14baea73b4568dc478c46a31dd50157a5b5d2f71138243b1a9",
                "sha256:5524c7020eb1fb7319472cb75c4c3206ef18b34d6034d2ee420a60f99cddeb07",
                "sha256:612bc97e42b22af10ba25e4140963fbaa4c5181487d163f4eb55b0b15b3dfcd2",
                "sha256:6f349adabf1c004aba53f7b4633459f8ca8a09654bf7e69b509c95a454755776",
                "sha256:85b94d2653b0fdf6d879e39d51018bf5ccd86c81c04e18a98e9888694b98226f",
                "sha256:87535dc2d2ef007b9d44e309d2b8ea27a03d2fa09556a72364d706fcb7090828",
                "sha256:a7ab28a8f1f043c58d157bceb64f80e4d2f7f1b934bc7ff5e7f7a55a337ea8b0",
                "sha256:a96f8fc625e9ff568838e556f6f6ae8eca8b4837cdfb3f90efcb7c00e342a2eb",
                "sha256:b5a114ea9b7fc90c2cc4867a866512672a47f66b154c6d7ee7e48ddb68b68122",
                "sha256:be04fe14ceed7f8641e30f36077c1a654ff6f17d0c7a5283b699d057d150d82a",
                "sha256:bff02030bab8b969f4de597543e55bd05e968567acb25c0a87495a31eb09e925",
                "sha256:c9ca9f76805e5a637605f171f6c4772fc4a81eced4e2f708f79c75166a2c99ea",
                "sha256:e1464a4a2cf12f58f662c8e6421772c07947266293fb701cb39cd9c1e183f63c",
                "sha256:e72736dd822748b0721f41f9aaaf6a5b6d5cfc78f6c8690263aef8bba4457f0e",
                "sha256:eafe9fa19fcefef424ee089fb01ac7177ff3691af7cc2ae8791ae523eb6ca907",
                "sha256:f4b73736108a416c76c17a8a09bc73af3d91edaa26c682aaa460ef91a47168d3"
            ],
            "version": "==3.12.2"
        },
        "pyparsing": {
            "hashes": [
                "sha256:c203ec8783bf771a155b207279b9bccb8dea02d8f0c9e5f8ead507bc3246ecc1",
                "sha256:ef9d7589ef3c200abe66653d3f1ab1033c3c419ae9b9bdb1240a85b024efc88b"
            ],
            "version": "==2.4.7"
        },
        "pysocks": {
            "hashes": [
                "sha256:08e69f092cc6dbe92a0fdd16eeb9b9ffbc13cadfe5ca4c7bd92ffb078b293299",
                "sha256:2725bd0a9925919b9b51739eea5f9e2bae91e83288108a9ad338b2e3a4435ee5",
                "sha256:3f8804571ebe159c380ac6de37643bb4685970655d3bba243530d6558b799aa0"
            ],
            "version": "==1.7.1"
        },
        "python-dateutil": {
            "hashes": [
                "sha256:73ebfe9dbf22e832286dafa60473e4cd239f8592f699aa5adaf10050e6e1823c",
                "sha256:75bb3f31ea686f1197762692a9ee6a7550b59fc6ca3a1f4b5d7e32fb98e2da2a"
            ],
            "version": "==2.8.1"
        },
        "requests": {
            "extras": [
                "socks"
            ],
            "hashes": [
                "sha256:43999036bfa82904b6af1d99e4882b560e5e2c68e5c4b0aa03b655f3d7d73fee",
                "sha256:b3f43d496c6daba4493e7c431722aeb7dbc6288f52a6e04e7b6023b0247817e6"
            ],
            "version": "==2.23.0"
        },
        "six": {
            "hashes": [
                "sha256:30639c035cdb23534cd4aa2dd52c3bf48f06e5f4a941509c8bafd8ce11080259",
                "sha256:8b74bedcbbbaca38ff6d7491d76f2b06b3592611af620f8426e82dddb04a5ced"
            ],
            "version": "==1.15.0"
        },
        "urllib3": {
            "hashes": [
                "sha256:3018294ebefce6572a474f0604c2021e33b3fd8006ecd11d62107a5d2a963527",
                "sha256:88206b0eb87e6d677d424843ac5209e3fb9d0190d0ee169599165ec25e9d9115"
            ],
            "version": "==1.25.9"
        }
    },
    "develop": {}
}
